// !$*UTF8*$!
{
	archiveVersion = 1;
	classes = {
	};
	objectVersion = 56;
	objects = {

/* Begin PBXBuildFile section */
		143185E8292B46F9008CE459 /* HomeViewModel.swift in Sources */ = {isa = PBXBuildFile; fileRef = 143185E7292B46F9008CE459 /* HomeViewModel.swift */; };
		143185EA292B4A8D008CE459 /* ScrapPageViewController.swift in Sources */ = {isa = PBXBuildFile; fileRef = 143185E9292B4A8D008CE459 /* ScrapPageViewController.swift */; };
		143185EC292B4AB8008CE459 /* ScrapPageViewModel.swift in Sources */ = {isa = PBXBuildFile; fileRef = 143185EB292B4AB8008CE459 /* ScrapPageViewModel.swift */; };
		143185EE292B4ABC008CE459 /* ScrapPageView.swift in Sources */ = {isa = PBXBuildFile; fileRef = 143185ED292B4ABC008CE459 /* ScrapPageView.swift */; };
		143185F6292B4F63008CE459 /* UINavigationController+configure.swift in Sources */ = {isa = PBXBuildFile; fileRef = 143185F5292B4F63008CE459 /* UINavigationController+configure.swift */; };
		143185F8292B5C88008CE459 /* ContainCollectionView.swift in Sources */ = {isa = PBXBuildFile; fileRef = 143185F7292B5C88008CE459 /* ContainCollectionView.swift */; };
		1458C6952928FB1B00E00B80 /* HomeView.swift in Sources */ = {isa = PBXBuildFile; fileRef = 1458C6942928FB1B00E00B80 /* HomeView.swift */; };
		1459C3BA292910B300FA885D /* RecommendFeedCell.swift in Sources */ = {isa = PBXBuildFile; fileRef = 1459C3B9292910B300FA885D /* RecommendFeedCell.swift */; };
		1459C3BC2929150200FA885D /* FeedCellType.swift in Sources */ = {isa = PBXBuildFile; fileRef = 1459C3BB2929150200FA885D /* FeedCellType.swift */; };
		14927E1E2929C71C001F2E97 /* RecommendFeedUserView.swift in Sources */ = {isa = PBXBuildFile; fileRef = 14927E1D2929C71C001F2E97 /* RecommendFeedUserView.swift */; };
		14927E202929CCA0001F2E97 /* RecommendFeedHeader.swift in Sources */ = {isa = PBXBuildFile; fileRef = 14927E1F2929CCA0001F2E97 /* RecommendFeedHeader.swift */; };
		14927E222929CF37001F2E97 /* UI+ReusableView.swift in Sources */ = {isa = PBXBuildFile; fileRef = 14927E212929CF37001F2E97 /* UI+ReusableView.swift */; };
		3B061FD82928CC5600BFA71D /* SignUpDomainViewController.swift in Sources */ = {isa = PBXBuildFile; fileRef = 3B061FD72928CC5600BFA71D /* SignUpDomainViewController.swift */; };
		3B061FDA2928CF7E00BFA71D /* SighUpDomainView.swift in Sources */ = {isa = PBXBuildFile; fileRef = 3B061FD92928CF7E00BFA71D /* SighUpDomainView.swift */; };
		3B061FDD2928E8E300BFA71D /* SignUpCamperIDViewController.swift in Sources */ = {isa = PBXBuildFile; fileRef = 3B061FDC2928E8E300BFA71D /* SignUpCamperIDViewController.swift */; };
		3B061FDF2928E90400BFA71D /* SignUpCamperIDView.swift in Sources */ = {isa = PBXBuildFile; fileRef = 3B061FDE2928E90400BFA71D /* SignUpCamperIDView.swift */; };
		3B061FE2292926DA00BFA71D /* SignUpViewModel.swift in Sources */ = {isa = PBXBuildFile; fileRef = 3B061FE1292926DA00BFA71D /* SignUpViewModel.swift */; };
		3B061FE5292A1F1E00BFA71D /* SignUpBlogViewController.swift in Sources */ = {isa = PBXBuildFile; fileRef = 3B061FE4292A1F1E00BFA71D /* SignUpBlogViewController.swift */; };
		3B061FE7292A1F9600BFA71D /* SignUpBlogView.swift in Sources */ = {isa = PBXBuildFile; fileRef = 3B061FE6292A1F9600BFA71D /* SignUpBlogView.swift */; };
		B50A27CF29279F5D00DF3E1F /* Constant.swift in Sources */ = {isa = PBXBuildFile; fileRef = B50A278B29279F5D00DF3E1F /* Constant.swift */; };
		B50A27D029279F5D00DF3E1F /* TypeConversion.swift in Sources */ = {isa = PBXBuildFile; fileRef = B50A278C29279F5D00DF3E1F /* TypeConversion.swift */; };
		B50A27D129279F5D00DF3E1F /* UILabel+LineHeight.swift in Sources */ = {isa = PBXBuildFile; fileRef = B50A278D29279F5D00DF3E1F /* UILabel+LineHeight.swift */; };
		B50A27D329279F5D00DF3E1F /* UIFont+FontSet.swift in Sources */ = {isa = PBXBuildFile; fileRef = B50A278F29279F5D00DF3E1F /* UIFont+FontSet.swift */; };
		B50A27D429279F5D00DF3E1F /* UIColor+ColorSet.swift in Sources */ = {isa = PBXBuildFile; fileRef = B50A279029279F5D00DF3E1F /* UIColor+ColorSet.swift */; };
		B50A27D629279F5D00DF3E1F /* UIView+addSubViews.swift in Sources */ = {isa = PBXBuildFile; fileRef = B50A279229279F5D00DF3E1F /* UIView+addSubViews.swift */; };
		B50A27D929279F5D00DF3E1F /* UIStackView+addArrangedSubviews.swift in Sources */ = {isa = PBXBuildFile; fileRef = B50A279529279F5D00DF3E1F /* UIStackView+addArrangedSubviews.swift */; };
		B50A27DA29279F5D00DF3E1F /* ReusableView.swift in Sources */ = {isa = PBXBuildFile; fileRef = B50A279729279F5D00DF3E1F /* ReusableView.swift */; };
		B50A27DB29279F5D00DF3E1F /* Colors+Generated.swift in Sources */ = {isa = PBXBuildFile; fileRef = B50A279A29279F5D00DF3E1F /* Colors+Generated.swift */; };
		B50A27DC29279F5D00DF3E1F /* Fonts+Generated.swift in Sources */ = {isa = PBXBuildFile; fileRef = B50A279B29279F5D00DF3E1F /* Fonts+Generated.swift */; };
		B50A27DD29279F5D00DF3E1F /* Colors.xcassets in Resources */ = {isa = PBXBuildFile; fileRef = B50A279C29279F5D00DF3E1F /* Colors.xcassets */; };
		B50A27DE29279F5D00DF3E1F /* Assets.xcassets in Resources */ = {isa = PBXBuildFile; fileRef = B50A279D29279F5D00DF3E1F /* Assets.xcassets */; };
		B50A27DF29279F5D00DF3E1F /* NanumSquareEB.otf in Resources */ = {isa = PBXBuildFile; fileRef = B50A279F29279F5D00DF3E1F /* NanumSquareEB.otf */; };
		B50A27E029279F5D00DF3E1F /* NanumSquareR.otf in Resources */ = {isa = PBXBuildFile; fileRef = B50A27A029279F5D00DF3E1F /* NanumSquareR.otf */; };
		B50A27E129279F5D00DF3E1F /* NanumSquareB.otf in Resources */ = {isa = PBXBuildFile; fileRef = B50A27A129279F5D00DF3E1F /* NanumSquareB.otf */; };
		B50A27E229279F5D00DF3E1F /* LogInManager.swift in Sources */ = {isa = PBXBuildFile; fileRef = B50A27A429279F5D00DF3E1F /* LogInManager.swift */; };
		B50A27E329279F5D00DF3E1F /* LogInViewModel.swift in Sources */ = {isa = PBXBuildFile; fileRef = B50A27A629279F5D00DF3E1F /* LogInViewModel.swift */; };
		B50A27E429279F5D00DF3E1F /* APIKey.swift in Sources */ = {isa = PBXBuildFile; fileRef = B50A27A729279F5D00DF3E1F /* APIKey.swift */; };
		B50A27E529279F5D00DF3E1F /* LogInView.swift in Sources */ = {isa = PBXBuildFile; fileRef = B50A27A829279F5D00DF3E1F /* LogInView.swift */; };
		B50A27E629279F5D00DF3E1F /* LogInViewController.swift in Sources */ = {isa = PBXBuildFile; fileRef = B50A27A929279F5D00DF3E1F /* LogInViewController.swift */; };
		B50A27E929279F5D00DF3E1F /* NormalFeedCellFooter.swift in Sources */ = {isa = PBXBuildFile; fileRef = B50A27B029279F5D00DF3E1F /* NormalFeedCellFooter.swift */; };
		B50A27EA29279F5D00DF3E1F /* NormalFeedCellMain.swift in Sources */ = {isa = PBXBuildFile; fileRef = B50A27B229279F5D00DF3E1F /* NormalFeedCellMain.swift */; };
		B50A27EB29279F5D00DF3E1F /* DefaultUserInfoView.swift in Sources */ = {isa = PBXBuildFile; fileRef = B50A27B429279F5D00DF3E1F /* DefaultUserInfoView.swift */; };
		B50A27ED29279F5D00DF3E1F /* NormalFeedCell.swift in Sources */ = {isa = PBXBuildFile; fileRef = B50A27B629279F5D00DF3E1F /* NormalFeedCell.swift */; };
		B50A27EE29279F5D00DF3E1F /* HomeViewController.swift in Sources */ = {isa = PBXBuildFile; fileRef = B50A27B729279F5D00DF3E1F /* HomeViewController.swift */; };
		B50A27F029279F5D00DF3E1F /* MyPageViewController.swift in Sources */ = {isa = PBXBuildFile; fileRef = B50A27BB29279F5D00DF3E1F /* MyPageViewController.swift */; };
		B50A27F129279F5D00DF3E1F /* LaunchScreen.storyboard in Resources */ = {isa = PBXBuildFile; fileRef = B50A27BD29279F5D00DF3E1F /* LaunchScreen.storyboard */; };
		B50A27F229279F5D00DF3E1F /* AppDelegate.swift in Sources */ = {isa = PBXBuildFile; fileRef = B50A27BF29279F5D00DF3E1F /* AppDelegate.swift */; };
		B50A27F429279F5D00DF3E1F /* SceneDelegate.swift in Sources */ = {isa = PBXBuildFile; fileRef = B50A27C129279F5D00DF3E1F /* SceneDelegate.swift */; };
		B50A27F529279F5D00DF3E1F /* AppCoordinator.swift in Sources */ = {isa = PBXBuildFile; fileRef = B50A27C329279F5D00DF3E1F /* AppCoordinator.swift */; };
		B50A27F629279F5D00DF3E1F /* AuthCoordinator.swift in Sources */ = {isa = PBXBuildFile; fileRef = B50A27C429279F5D00DF3E1F /* AuthCoordinator.swift */; };
		B50A27F729279F5D00DF3E1F /* TabBarCoordinator.swift in Sources */ = {isa = PBXBuildFile; fileRef = B50A27C529279F5D00DF3E1F /* TabBarCoordinator.swift */; };
		B50A27F929279F5D00DF3E1F /* TabBarPage.swift in Sources */ = {isa = PBXBuildFile; fileRef = B50A27C729279F5D00DF3E1F /* TabBarPage.swift */; };
		B50A27FC29279F5D00DF3E1F /* AppCoordinatorEvent.swift in Sources */ = {isa = PBXBuildFile; fileRef = B50A27CB29279F5D00DF3E1F /* AppCoordinatorEvent.swift */; };
		B50A27FE29279F5D00DF3E1F /* Coordinator.swift in Sources */ = {isa = PBXBuildFile; fileRef = B50A27CD29279F5D00DF3E1F /* Coordinator.swift */; };
		B52A7F182927A4DD00E271D2 /* swiftgen.yml in Resources */ = {isa = PBXBuildFile; fileRef = B52A7F172927A4DD00E271D2 /* swiftgen.yml */; };
		B52A7F1B2927A4E300E271D2 /* .swiftlint.yml in Resources */ = {isa = PBXBuildFile; fileRef = B52A7F192927A4E300E271D2 /* .swiftlint.yml */; };
		B52A7F1C2927A4E300E271D2 /* .swiftlint.auto.yml in Resources */ = {isa = PBXBuildFile; fileRef = B52A7F1A2927A4E300E271D2 /* .swiftlint.auto.yml */; };
		B52A7F242927A68F00E271D2 /* Service-Info.plist in Resources */ = {isa = PBXBuildFile; fileRef = B52A7F232927A68F00E271D2 /* Service-Info.plist */; };
		B52A7F272927A88F00E271D2 /* Then in Frameworks */ = {isa = PBXBuildFile; productRef = B52A7F262927A88F00E271D2 /* Then */; };
		B52A7F2A2927A89C00E271D2 /* SnapKit in Frameworks */ = {isa = PBXBuildFile; productRef = B52A7F292927A89C00E271D2 /* SnapKit */; };
		B5BA277D2927AEC600BDCE08 /* FirebaseAuth in Frameworks */ = {isa = PBXBuildFile; productRef = B5BA277C2927AEC600BDCE08 /* FirebaseAuth */; };
		B5BA277F2927AEC600BDCE08 /* FirebaseFirestore in Frameworks */ = {isa = PBXBuildFile; productRef = B5BA277E2927AEC600BDCE08 /* FirebaseFirestore */; };
		B5BA27812927AEC600BDCE08 /* FirebaseFunctions in Frameworks */ = {isa = PBXBuildFile; productRef = B5BA27802927AEC600BDCE08 /* FirebaseFunctions */; };
		B5BA27832927AEC600BDCE08 /* FirebaseMessaging in Frameworks */ = {isa = PBXBuildFile; productRef = B5BA27822927AEC600BDCE08 /* FirebaseMessaging */; };
		B5BA27852927AEC600BDCE08 /* FirebaseStorage in Frameworks */ = {isa = PBXBuildFile; productRef = B5BA27842927AEC600BDCE08 /* FirebaseStorage */; };
		B5BA27872927AEF600BDCE08 /* GoogleService-Info.plist in Resources */ = {isa = PBXBuildFile; fileRef = B5BA27862927AEF600BDCE08 /* GoogleService-Info.plist */; };
		B5DAD679292E4C6800C4A126 /* FeedDetailViewModel.swift in Sources */ = {isa = PBXBuildFile; fileRef = B5DAD674292E4C6800C4A126 /* FeedDetailViewModel.swift */; };
		B5DAD67A292E4C6800C4A126 /* FeedDetailView.swift in Sources */ = {isa = PBXBuildFile; fileRef = B5DAD676292E4C6800C4A126 /* FeedDetailView.swift */; };
		B5DAD67B292E4C6800C4A126 /* FeedDetailViewController.swift in Sources */ = {isa = PBXBuildFile; fileRef = B5DAD678292E4C6800C4A126 /* FeedDetailViewController.swift */; };
		B5DAD681292E58BF00C4A126 /* DefaultMultilLineLabel.swift in Sources */ = {isa = PBXBuildFile; fileRef = B5DAD680292E58BF00C4A126 /* DefaultMultilLineLabel.swift */; };
		D84452E7292C9A54008E811B /* TabBarCoordinatorEvent.swift in Sources */ = {isa = PBXBuildFile; fileRef = D84452E6292C9A54008E811B /* TabBarCoordinatorEvent.swift */; };
		D84452EC292CA55F008E811B /* MyPageEditView.swift in Sources */ = {isa = PBXBuildFile; fileRef = D84452EB292CA55F008E811B /* MyPageEditView.swift */; };
		D84452EE292CA569008E811B /* MyPageEditViewModel.swift in Sources */ = {isa = PBXBuildFile; fileRef = D84452ED292CA569008E811B /* MyPageEditViewModel.swift */; };
		D84452F0292CA57D008E811B /* MyPageEditViewController.swift in Sources */ = {isa = PBXBuildFile; fileRef = D84452EF292CA57D008E811B /* MyPageEditViewController.swift */; };
		D84452F2292CCA80008E811B /* SettingSection.swift in Sources */ = {isa = PBXBuildFile; fileRef = D84452F1292CCA80008E811B /* SettingSection.swift */; };
		D84452F4292CCA92008E811B /* SettingCell.swift in Sources */ = {isa = PBXBuildFile; fileRef = D84452F3292CCA92008E811B /* SettingCell.swift */; };
		D84452F6292CF4BC008E811B /* DefaultImageLabel.swift in Sources */ = {isa = PBXBuildFile; fileRef = D84452F5292CF4BC008E811B /* DefaultImageLabel.swift */; };
		D84452F8292CF4E0008E811B /* DefaultTextField.swift in Sources */ = {isa = PBXBuildFile; fileRef = D84452F7292CF4E0008E811B /* DefaultTextField.swift */; };
		D84452FC292DB7DE008E811B /* CellIndexPath.swift in Sources */ = {isa = PBXBuildFile; fileRef = D84452FB292DB7DE008E811B /* CellIndexPath.swift */; };
		D8494D462927C97E008157F1 /* MyPageView.swift in Sources */ = {isa = PBXBuildFile; fileRef = D8494D452927C97E008157F1 /* MyPageView.swift */; };
		D8494D482927C9E8008157F1 /* MyPageViewModel.swift in Sources */ = {isa = PBXBuildFile; fileRef = D8494D472927C9E8008157F1 /* MyPageViewModel.swift */; };
		D8494D4A2927CBD4008157F1 /* DefaultButton.swift in Sources */ = {isa = PBXBuildFile; fileRef = D8494D492927CBD4008157F1 /* DefaultButton.swift */; };
		D8494D4C2927CD6C008157F1 /* DefaultProfileImageView.swift in Sources */ = {isa = PBXBuildFile; fileRef = D8494D4B2927CD6C008157F1 /* DefaultProfileImageView.swift */; };
		D8494D4E2927CE64008157F1 /* Domain.swift in Sources */ = {isa = PBXBuildFile; fileRef = D8494D4D2927CE64008157F1 /* Domain.swift */; };
		D8494D502927CEAA008157F1 /* DefaultBadgeLabel.swift in Sources */ = {isa = PBXBuildFile; fileRef = D8494D4F2927CEAA008157F1 /* DefaultBadgeLabel.swift */; };
		D8494D522927D086008157F1 /* MyPageProfileView.swift in Sources */ = {isa = PBXBuildFile; fileRef = D8494D512927D085008157F1 /* MyPageProfileView.swift */; };
		D8494D542927D0DC008157F1 /* User.swift in Sources */ = {isa = PBXBuildFile; fileRef = D8494D532927D0DC008157F1 /* User.swift */; };
		D8494D562927D6EB008157F1 /* DefaultBadgeView.swift in Sources */ = {isa = PBXBuildFile; fileRef = D8494D552927D6EB008157F1 /* DefaultBadgeView.swift */; };
		D88295EB292A43CD005B4273 /* FireStoreConfiguration.swift in Sources */ = {isa = PBXBuildFile; fileRef = D88295EA292A43CD005B4273 /* FireStoreConfiguration.swift */; };
		D88295ED292A43E2005B4273 /* UserDTO.swift in Sources */ = {isa = PBXBuildFile; fileRef = D88295EC292A43E2005B4273 /* UserDTO.swift */; };
		D88295EF292A43EB005B4273 /* NetworkError.swift in Sources */ = {isa = PBXBuildFile; fileRef = D88295EE292A43EB005B4273 /* NetworkError.swift */; };
		D88295F2292A4419005B4273 /* UserQuery.swift in Sources */ = {isa = PBXBuildFile; fileRef = D88295F1292A4419005B4273 /* UserQuery.swift */; };
		D88295F6292A4428005B4273 /* FireStoreValues.swift in Sources */ = {isa = PBXBuildFile; fileRef = D88295F5292A4428005B4273 /* FireStoreValues.swift */; };
		D88295FA292A4448005B4273 /* Query.swift in Sources */ = {isa = PBXBuildFile; fileRef = D88295F9292A4448005B4273 /* Query.swift */; };
		D88295FC292A4452005B4273 /* HTTPMethod.swift in Sources */ = {isa = PBXBuildFile; fileRef = D88295FB292A4452005B4273 /* HTTPMethod.swift */; };
		D88295FE292A4459005B4273 /* URLSessionService.swift in Sources */ = {isa = PBXBuildFile; fileRef = D88295FD292A4459005B4273 /* URLSessionService.swift */; };
		D8829600292A44B9005B4273 /* FireStoreService.swift in Sources */ = {isa = PBXBuildFile; fileRef = D88295FF292A44B9005B4273 /* FireStoreService.swift */; };
		D8C3866A292B4AEF005A2563 /* OpenSourceLicenseViewController.swift in Sources */ = {isa = PBXBuildFile; fileRef = D8C38669292B4AEF005A2563 /* OpenSourceLicenseViewController.swift */; };
		D8C3866C292B4B0B005A2563 /* OpenSourceLicenseView.swift in Sources */ = {isa = PBXBuildFile; fileRef = D8C3866B292B4B0B005A2563 /* OpenSourceLicenseView.swift */; };
		D8C38672292B88DE005A2563 /* UserDefaultsManager.swift in Sources */ = {isa = PBXBuildFile; fileRef = D8C38671292B88DE005A2563 /* UserDefaultsManager.swift */; };
		D8C38674292B8D82005A2563 /* Appearance.swift in Sources */ = {isa = PBXBuildFile; fileRef = D8C38673292B8D82005A2563 /* Appearance.swift */; };
		D8C38676292B8DB6005A2563 /* DarkmodeManager.swift in Sources */ = {isa = PBXBuildFile; fileRef = D8C38675292B8DB6005A2563 /* DarkmodeManager.swift */; };
		D8C38678292BAE6B005A2563 /* UIControl+Combine.swift in Sources */ = {isa = PBXBuildFile; fileRef = D8C38677292BAE6B005A2563 /* UIControl+Combine.swift */; };
		D8E02D6B292C981C00C1E59B /* AuthCoordinatorEvent.swift in Sources */ = {isa = PBXBuildFile; fileRef = D8E02D6A292C981C00C1E59B /* AuthCoordinatorEvent.swift */; };
/* End PBXBuildFile section */

/* Begin PBXFileReference section */
		143185E7292B46F9008CE459 /* HomeViewModel.swift */ = {isa = PBXFileReference; lastKnownFileType = sourcecode.swift; path = HomeViewModel.swift; sourceTree = "<group>"; };
		143185E9292B4A8D008CE459 /* ScrapPageViewController.swift */ = {isa = PBXFileReference; lastKnownFileType = sourcecode.swift; path = ScrapPageViewController.swift; sourceTree = "<group>"; };
		143185EB292B4AB8008CE459 /* ScrapPageViewModel.swift */ = {isa = PBXFileReference; lastKnownFileType = sourcecode.swift; path = ScrapPageViewModel.swift; sourceTree = "<group>"; };
		143185ED292B4ABC008CE459 /* ScrapPageView.swift */ = {isa = PBXFileReference; lastKnownFileType = sourcecode.swift; path = ScrapPageView.swift; sourceTree = "<group>"; };
		143185F5292B4F63008CE459 /* UINavigationController+configure.swift */ = {isa = PBXFileReference; lastKnownFileType = sourcecode.swift; path = "UINavigationController+configure.swift"; sourceTree = "<group>"; };
		143185F7292B5C88008CE459 /* ContainCollectionView.swift */ = {isa = PBXFileReference; lastKnownFileType = sourcecode.swift; path = ContainCollectionView.swift; sourceTree = "<group>"; };
		1458C6942928FB1B00E00B80 /* HomeView.swift */ = {isa = PBXFileReference; lastKnownFileType = sourcecode.swift; path = HomeView.swift; sourceTree = "<group>"; };
		1459C3B9292910B300FA885D /* RecommendFeedCell.swift */ = {isa = PBXFileReference; lastKnownFileType = sourcecode.swift; path = RecommendFeedCell.swift; sourceTree = "<group>"; };
		1459C3BB2929150200FA885D /* FeedCellType.swift */ = {isa = PBXFileReference; lastKnownFileType = sourcecode.swift; path = FeedCellType.swift; sourceTree = "<group>"; };
		14927E1D2929C71C001F2E97 /* RecommendFeedUserView.swift */ = {isa = PBXFileReference; lastKnownFileType = sourcecode.swift; path = RecommendFeedUserView.swift; sourceTree = "<group>"; };
		14927E1F2929CCA0001F2E97 /* RecommendFeedHeader.swift */ = {isa = PBXFileReference; lastKnownFileType = sourcecode.swift; path = RecommendFeedHeader.swift; sourceTree = "<group>"; };
		14927E212929CF37001F2E97 /* UI+ReusableView.swift */ = {isa = PBXFileReference; lastKnownFileType = sourcecode.swift; path = "UI+ReusableView.swift"; sourceTree = "<group>"; };
		3B061FD72928CC5600BFA71D /* SignUpDomainViewController.swift */ = {isa = PBXFileReference; lastKnownFileType = sourcecode.swift; path = SignUpDomainViewController.swift; sourceTree = "<group>"; };
		3B061FD92928CF7E00BFA71D /* SighUpDomainView.swift */ = {isa = PBXFileReference; lastKnownFileType = sourcecode.swift; path = SighUpDomainView.swift; sourceTree = "<group>"; };
		3B061FDC2928E8E300BFA71D /* SignUpCamperIDViewController.swift */ = {isa = PBXFileReference; lastKnownFileType = sourcecode.swift; path = SignUpCamperIDViewController.swift; sourceTree = "<group>"; };
		3B061FDE2928E90400BFA71D /* SignUpCamperIDView.swift */ = {isa = PBXFileReference; lastKnownFileType = sourcecode.swift; path = SignUpCamperIDView.swift; sourceTree = "<group>"; };
		3B061FE1292926DA00BFA71D /* SignUpViewModel.swift */ = {isa = PBXFileReference; lastKnownFileType = sourcecode.swift; path = SignUpViewModel.swift; sourceTree = "<group>"; };
		3B061FE4292A1F1E00BFA71D /* SignUpBlogViewController.swift */ = {isa = PBXFileReference; lastKnownFileType = sourcecode.swift; path = SignUpBlogViewController.swift; sourceTree = "<group>"; };
		3B061FE6292A1F9600BFA71D /* SignUpBlogView.swift */ = {isa = PBXFileReference; lastKnownFileType = sourcecode.swift; path = SignUpBlogView.swift; sourceTree = "<group>"; };
		B50A277129279F2600DF3E1F /* burstcamp.app */ = {isa = PBXFileReference; explicitFileType = wrapper.application; includeInIndex = 0; path = burstcamp.app; sourceTree = BUILT_PRODUCTS_DIR; };
		B50A278B29279F5D00DF3E1F /* Constant.swift */ = {isa = PBXFileReference; fileEncoding = 4; lastKnownFileType = sourcecode.swift; path = Constant.swift; sourceTree = "<group>"; };
		B50A278C29279F5D00DF3E1F /* TypeConversion.swift */ = {isa = PBXFileReference; fileEncoding = 4; lastKnownFileType = sourcecode.swift; path = TypeConversion.swift; sourceTree = "<group>"; };
		B50A278D29279F5D00DF3E1F /* UILabel+LineHeight.swift */ = {isa = PBXFileReference; fileEncoding = 4; lastKnownFileType = sourcecode.swift; path = "UILabel+LineHeight.swift"; sourceTree = "<group>"; };
		B50A278F29279F5D00DF3E1F /* UIFont+FontSet.swift */ = {isa = PBXFileReference; fileEncoding = 4; lastKnownFileType = sourcecode.swift; path = "UIFont+FontSet.swift"; sourceTree = "<group>"; };
		B50A279029279F5D00DF3E1F /* UIColor+ColorSet.swift */ = {isa = PBXFileReference; fileEncoding = 4; lastKnownFileType = sourcecode.swift; path = "UIColor+ColorSet.swift"; sourceTree = "<group>"; };
		B50A279229279F5D00DF3E1F /* UIView+addSubViews.swift */ = {isa = PBXFileReference; fileEncoding = 4; lastKnownFileType = sourcecode.swift; path = "UIView+addSubViews.swift"; sourceTree = "<group>"; };
		B50A279529279F5D00DF3E1F /* UIStackView+addArrangedSubviews.swift */ = {isa = PBXFileReference; fileEncoding = 4; lastKnownFileType = sourcecode.swift; path = "UIStackView+addArrangedSubviews.swift"; sourceTree = "<group>"; };
		B50A279729279F5D00DF3E1F /* ReusableView.swift */ = {isa = PBXFileReference; fileEncoding = 4; lastKnownFileType = sourcecode.swift; path = ReusableView.swift; sourceTree = "<group>"; };
		B50A279A29279F5D00DF3E1F /* Colors+Generated.swift */ = {isa = PBXFileReference; fileEncoding = 4; lastKnownFileType = sourcecode.swift; path = "Colors+Generated.swift"; sourceTree = "<group>"; };
		B50A279B29279F5D00DF3E1F /* Fonts+Generated.swift */ = {isa = PBXFileReference; fileEncoding = 4; lastKnownFileType = sourcecode.swift; path = "Fonts+Generated.swift"; sourceTree = "<group>"; };
		B50A279C29279F5D00DF3E1F /* Colors.xcassets */ = {isa = PBXFileReference; lastKnownFileType = folder.assetcatalog; path = Colors.xcassets; sourceTree = "<group>"; };
		B50A279D29279F5D00DF3E1F /* Assets.xcassets */ = {isa = PBXFileReference; lastKnownFileType = folder.assetcatalog; path = Assets.xcassets; sourceTree = "<group>"; };
		B50A279F29279F5D00DF3E1F /* NanumSquareEB.otf */ = {isa = PBXFileReference; lastKnownFileType = file; path = NanumSquareEB.otf; sourceTree = "<group>"; };
		B50A27A029279F5D00DF3E1F /* NanumSquareR.otf */ = {isa = PBXFileReference; lastKnownFileType = file; path = NanumSquareR.otf; sourceTree = "<group>"; };
		B50A27A129279F5D00DF3E1F /* NanumSquareB.otf */ = {isa = PBXFileReference; lastKnownFileType = file; path = NanumSquareB.otf; sourceTree = "<group>"; };
		B50A27A429279F5D00DF3E1F /* LogInManager.swift */ = {isa = PBXFileReference; fileEncoding = 4; lastKnownFileType = sourcecode.swift; path = LogInManager.swift; sourceTree = "<group>"; };
		B50A27A629279F5D00DF3E1F /* LogInViewModel.swift */ = {isa = PBXFileReference; fileEncoding = 4; lastKnownFileType = sourcecode.swift; path = LogInViewModel.swift; sourceTree = "<group>"; };
		B50A27A729279F5D00DF3E1F /* APIKey.swift */ = {isa = PBXFileReference; fileEncoding = 4; lastKnownFileType = sourcecode.swift; path = APIKey.swift; sourceTree = "<group>"; };
		B50A27A829279F5D00DF3E1F /* LogInView.swift */ = {isa = PBXFileReference; fileEncoding = 4; lastKnownFileType = sourcecode.swift; path = LogInView.swift; sourceTree = "<group>"; };
		B50A27A929279F5D00DF3E1F /* LogInViewController.swift */ = {isa = PBXFileReference; fileEncoding = 4; lastKnownFileType = sourcecode.swift; path = LogInViewController.swift; sourceTree = "<group>"; };
		B50A27B029279F5D00DF3E1F /* NormalFeedCellFooter.swift */ = {isa = PBXFileReference; fileEncoding = 4; lastKnownFileType = sourcecode.swift; path = NormalFeedCellFooter.swift; sourceTree = "<group>"; };
		B50A27B229279F5D00DF3E1F /* NormalFeedCellMain.swift */ = {isa = PBXFileReference; fileEncoding = 4; lastKnownFileType = sourcecode.swift; path = NormalFeedCellMain.swift; sourceTree = "<group>"; };
		B50A27B429279F5D00DF3E1F /* DefaultUserInfoView.swift */ = {isa = PBXFileReference; fileEncoding = 4; lastKnownFileType = sourcecode.swift; path = DefaultUserInfoView.swift; sourceTree = "<group>"; };
		B50A27B629279F5D00DF3E1F /* NormalFeedCell.swift */ = {isa = PBXFileReference; fileEncoding = 4; lastKnownFileType = sourcecode.swift; path = NormalFeedCell.swift; sourceTree = "<group>"; };
		B50A27B729279F5D00DF3E1F /* HomeViewController.swift */ = {isa = PBXFileReference; fileEncoding = 4; lastKnownFileType = sourcecode.swift; path = HomeViewController.swift; sourceTree = "<group>"; };
		B50A27BB29279F5D00DF3E1F /* MyPageViewController.swift */ = {isa = PBXFileReference; fileEncoding = 4; lastKnownFileType = sourcecode.swift; path = MyPageViewController.swift; sourceTree = "<group>"; };
		B50A27BE29279F5D00DF3E1F /* Base */ = {isa = PBXFileReference; lastKnownFileType = file.storyboard; name = Base; path = Base.lproj/LaunchScreen.storyboard; sourceTree = "<group>"; };
		B50A27BF29279F5D00DF3E1F /* AppDelegate.swift */ = {isa = PBXFileReference; fileEncoding = 4; lastKnownFileType = sourcecode.swift; path = AppDelegate.swift; sourceTree = "<group>"; };
		B50A27C029279F5D00DF3E1F /* Info.plist */ = {isa = PBXFileReference; fileEncoding = 4; lastKnownFileType = text.plist.xml; path = Info.plist; sourceTree = "<group>"; };
		B50A27C129279F5D00DF3E1F /* SceneDelegate.swift */ = {isa = PBXFileReference; fileEncoding = 4; lastKnownFileType = sourcecode.swift; path = SceneDelegate.swift; sourceTree = "<group>"; };
		B50A27C329279F5D00DF3E1F /* AppCoordinator.swift */ = {isa = PBXFileReference; fileEncoding = 4; lastKnownFileType = sourcecode.swift; path = AppCoordinator.swift; sourceTree = "<group>"; };
		B50A27C429279F5D00DF3E1F /* AuthCoordinator.swift */ = {isa = PBXFileReference; fileEncoding = 4; lastKnownFileType = sourcecode.swift; path = AuthCoordinator.swift; sourceTree = "<group>"; };
		B50A27C529279F5D00DF3E1F /* TabBarCoordinator.swift */ = {isa = PBXFileReference; fileEncoding = 4; lastKnownFileType = sourcecode.swift; path = TabBarCoordinator.swift; sourceTree = "<group>"; };
		B50A27C729279F5D00DF3E1F /* TabBarPage.swift */ = {isa = PBXFileReference; fileEncoding = 4; lastKnownFileType = sourcecode.swift; path = TabBarPage.swift; sourceTree = "<group>"; };
		B50A27CB29279F5D00DF3E1F /* AppCoordinatorEvent.swift */ = {isa = PBXFileReference; fileEncoding = 4; lastKnownFileType = sourcecode.swift; path = AppCoordinatorEvent.swift; sourceTree = "<group>"; };
		B50A27CD29279F5D00DF3E1F /* Coordinator.swift */ = {isa = PBXFileReference; fileEncoding = 4; lastKnownFileType = sourcecode.swift; path = Coordinator.swift; sourceTree = "<group>"; };
		B52A7F172927A4DD00E271D2 /* swiftgen.yml */ = {isa = PBXFileReference; fileEncoding = 4; lastKnownFileType = text.yaml; path = swiftgen.yml; sourceTree = "<group>"; };
		B52A7F192927A4E300E271D2 /* .swiftlint.yml */ = {isa = PBXFileReference; fileEncoding = 4; lastKnownFileType = text.yaml; path = .swiftlint.yml; sourceTree = "<group>"; };
		B52A7F1A2927A4E300E271D2 /* .swiftlint.auto.yml */ = {isa = PBXFileReference; fileEncoding = 4; lastKnownFileType = text.yaml; path = .swiftlint.auto.yml; sourceTree = "<group>"; };
		B52A7F232927A68F00E271D2 /* Service-Info.plist */ = {isa = PBXFileReference; fileEncoding = 4; lastKnownFileType = text.plist.xml; path = "Service-Info.plist"; sourceTree = "<group>"; };
		B5BA27862927AEF600BDCE08 /* GoogleService-Info.plist */ = {isa = PBXFileReference; fileEncoding = 4; lastKnownFileType = text.plist.xml; path = "GoogleService-Info.plist"; sourceTree = "<group>"; };
		B5DAD674292E4C6800C4A126 /* FeedDetailViewModel.swift */ = {isa = PBXFileReference; fileEncoding = 4; lastKnownFileType = sourcecode.swift; path = FeedDetailViewModel.swift; sourceTree = "<group>"; };
		B5DAD676292E4C6800C4A126 /* FeedDetailView.swift */ = {isa = PBXFileReference; fileEncoding = 4; lastKnownFileType = sourcecode.swift; path = FeedDetailView.swift; sourceTree = "<group>"; };
		B5DAD678292E4C6800C4A126 /* FeedDetailViewController.swift */ = {isa = PBXFileReference; fileEncoding = 4; lastKnownFileType = sourcecode.swift; path = FeedDetailViewController.swift; sourceTree = "<group>"; };
		B5DAD680292E58BF00C4A126 /* DefaultMultilLineLabel.swift */ = {isa = PBXFileReference; lastKnownFileType = sourcecode.swift; path = DefaultMultilLineLabel.swift; sourceTree = "<group>"; };
		D84452E6292C9A54008E811B /* TabBarCoordinatorEvent.swift */ = {isa = PBXFileReference; lastKnownFileType = sourcecode.swift; path = TabBarCoordinatorEvent.swift; sourceTree = "<group>"; };
		D84452EB292CA55F008E811B /* MyPageEditView.swift */ = {isa = PBXFileReference; lastKnownFileType = sourcecode.swift; path = MyPageEditView.swift; sourceTree = "<group>"; };
		D84452ED292CA569008E811B /* MyPageEditViewModel.swift */ = {isa = PBXFileReference; lastKnownFileType = sourcecode.swift; path = MyPageEditViewModel.swift; sourceTree = "<group>"; };
		D84452EF292CA57D008E811B /* MyPageEditViewController.swift */ = {isa = PBXFileReference; lastKnownFileType = sourcecode.swift; path = MyPageEditViewController.swift; sourceTree = "<group>"; };
		D84452F1292CCA80008E811B /* SettingSection.swift */ = {isa = PBXFileReference; lastKnownFileType = sourcecode.swift; path = SettingSection.swift; sourceTree = "<group>"; };
		D84452F3292CCA92008E811B /* SettingCell.swift */ = {isa = PBXFileReference; lastKnownFileType = sourcecode.swift; path = SettingCell.swift; sourceTree = "<group>"; };
		D84452F5292CF4BC008E811B /* DefaultImageLabel.swift */ = {isa = PBXFileReference; lastKnownFileType = sourcecode.swift; path = DefaultImageLabel.swift; sourceTree = "<group>"; };
		D84452F7292CF4E0008E811B /* DefaultTextField.swift */ = {isa = PBXFileReference; lastKnownFileType = sourcecode.swift; path = DefaultTextField.swift; sourceTree = "<group>"; };
		D84452FB292DB7DE008E811B /* CellIndexPath.swift */ = {isa = PBXFileReference; lastKnownFileType = sourcecode.swift; path = CellIndexPath.swift; sourceTree = "<group>"; };
		D8494D452927C97E008157F1 /* MyPageView.swift */ = {isa = PBXFileReference; lastKnownFileType = sourcecode.swift; path = MyPageView.swift; sourceTree = "<group>"; };
		D8494D472927C9E8008157F1 /* MyPageViewModel.swift */ = {isa = PBXFileReference; lastKnownFileType = sourcecode.swift; path = MyPageViewModel.swift; sourceTree = "<group>"; };
		D8494D492927CBD4008157F1 /* DefaultButton.swift */ = {isa = PBXFileReference; lastKnownFileType = sourcecode.swift; path = DefaultButton.swift; sourceTree = "<group>"; };
		D8494D4B2927CD6C008157F1 /* DefaultProfileImageView.swift */ = {isa = PBXFileReference; lastKnownFileType = sourcecode.swift; path = DefaultProfileImageView.swift; sourceTree = "<group>"; };
		D8494D4D2927CE64008157F1 /* Domain.swift */ = {isa = PBXFileReference; lastKnownFileType = sourcecode.swift; path = Domain.swift; sourceTree = "<group>"; };
		D8494D4F2927CEAA008157F1 /* DefaultBadgeLabel.swift */ = {isa = PBXFileReference; lastKnownFileType = sourcecode.swift; path = DefaultBadgeLabel.swift; sourceTree = "<group>"; };
		D8494D512927D085008157F1 /* MyPageProfileView.swift */ = {isa = PBXFileReference; lastKnownFileType = sourcecode.swift; path = MyPageProfileView.swift; sourceTree = "<group>"; };
		D8494D532927D0DC008157F1 /* User.swift */ = {isa = PBXFileReference; lastKnownFileType = sourcecode.swift; path = User.swift; sourceTree = "<group>"; };
		D8494D552927D6EB008157F1 /* DefaultBadgeView.swift */ = {isa = PBXFileReference; lastKnownFileType = sourcecode.swift; path = DefaultBadgeView.swift; sourceTree = "<group>"; };
		D88295EA292A43CD005B4273 /* FireStoreConfiguration.swift */ = {isa = PBXFileReference; fileEncoding = 4; lastKnownFileType = sourcecode.swift; path = FireStoreConfiguration.swift; sourceTree = "<group>"; };
		D88295EC292A43E2005B4273 /* UserDTO.swift */ = {isa = PBXFileReference; fileEncoding = 4; lastKnownFileType = sourcecode.swift; path = UserDTO.swift; sourceTree = "<group>"; };
		D88295EE292A43EB005B4273 /* NetworkError.swift */ = {isa = PBXFileReference; fileEncoding = 4; lastKnownFileType = sourcecode.swift; path = NetworkError.swift; sourceTree = "<group>"; };
		D88295F1292A4419005B4273 /* UserQuery.swift */ = {isa = PBXFileReference; fileEncoding = 4; lastKnownFileType = sourcecode.swift; path = UserQuery.swift; sourceTree = "<group>"; };
		D88295F5292A4428005B4273 /* FireStoreValues.swift */ = {isa = PBXFileReference; fileEncoding = 4; lastKnownFileType = sourcecode.swift; path = FireStoreValues.swift; sourceTree = "<group>"; };
		D88295F9292A4448005B4273 /* Query.swift */ = {isa = PBXFileReference; fileEncoding = 4; lastKnownFileType = sourcecode.swift; path = Query.swift; sourceTree = "<group>"; };
		D88295FB292A4452005B4273 /* HTTPMethod.swift */ = {isa = PBXFileReference; fileEncoding = 4; lastKnownFileType = sourcecode.swift; path = HTTPMethod.swift; sourceTree = "<group>"; };
		D88295FD292A4459005B4273 /* URLSessionService.swift */ = {isa = PBXFileReference; fileEncoding = 4; lastKnownFileType = sourcecode.swift; path = URLSessionService.swift; sourceTree = "<group>"; };
		D88295FF292A44B9005B4273 /* FireStoreService.swift */ = {isa = PBXFileReference; fileEncoding = 4; lastKnownFileType = sourcecode.swift; path = FireStoreService.swift; sourceTree = "<group>"; };
		D8C38669292B4AEF005A2563 /* OpenSourceLicenseViewController.swift */ = {isa = PBXFileReference; lastKnownFileType = sourcecode.swift; path = OpenSourceLicenseViewController.swift; sourceTree = "<group>"; };
		D8C3866B292B4B0B005A2563 /* OpenSourceLicenseView.swift */ = {isa = PBXFileReference; lastKnownFileType = sourcecode.swift; path = OpenSourceLicenseView.swift; sourceTree = "<group>"; };
		D8C38671292B88DE005A2563 /* UserDefaultsManager.swift */ = {isa = PBXFileReference; lastKnownFileType = sourcecode.swift; path = UserDefaultsManager.swift; sourceTree = "<group>"; };
		D8C38673292B8D82005A2563 /* Appearance.swift */ = {isa = PBXFileReference; lastKnownFileType = sourcecode.swift; path = Appearance.swift; sourceTree = "<group>"; };
		D8C38675292B8DB6005A2563 /* DarkmodeManager.swift */ = {isa = PBXFileReference; lastKnownFileType = sourcecode.swift; path = DarkmodeManager.swift; sourceTree = "<group>"; };
		D8C38677292BAE6B005A2563 /* UIControl+Combine.swift */ = {isa = PBXFileReference; lastKnownFileType = sourcecode.swift; path = "UIControl+Combine.swift"; sourceTree = "<group>"; };
		D8E02D6A292C981C00C1E59B /* AuthCoordinatorEvent.swift */ = {isa = PBXFileReference; lastKnownFileType = sourcecode.swift; path = AuthCoordinatorEvent.swift; sourceTree = "<group>"; };
/* End PBXFileReference section */

/* Begin PBXFrameworksBuildPhase section */
		B50A276E29279F2600DF3E1F /* Frameworks */ = {
			isa = PBXFrameworksBuildPhase;
			buildActionMask = 2147483647;
			files = (
				B5BA27832927AEC600BDCE08 /* FirebaseMessaging in Frameworks */,
				B52A7F272927A88F00E271D2 /* Then in Frameworks */,
				B5BA277F2927AEC600BDCE08 /* FirebaseFirestore in Frameworks */,
				B5BA27812927AEC600BDCE08 /* FirebaseFunctions in Frameworks */,
				B5BA27852927AEC600BDCE08 /* FirebaseStorage in Frameworks */,
				B5BA277D2927AEC600BDCE08 /* FirebaseAuth in Frameworks */,
				B52A7F2A2927A89C00E271D2 /* SnapKit in Frameworks */,
			);
			runOnlyForDeploymentPostprocessing = 0;
		};
/* End PBXFrameworksBuildPhase section */

/* Begin PBXGroup section */
		143185EF292B4D35008CE459 /* ViewController */ = {
			isa = PBXGroup;
			children = (
				B50A27B729279F5D00DF3E1F /* HomeViewController.swift */,
			);
			path = ViewController;
			sourceTree = "<group>";
		};
		143185F0292B4D3D008CE459 /* View */ = {
			isa = PBXGroup;
			children = (
				1459C3BB2929150200FA885D /* FeedCellType.swift */,
				1458C6942928FB1B00E00B80 /* HomeView.swift */,
				1459C3B82929102400FA885D /* RecommendFeedSection */,
			);
			path = View;
			sourceTree = "<group>";
		};
		143185F1292B4D43008CE459 /* ViewModel */ = {
			isa = PBXGroup;
			children = (
				143185E7292B46F9008CE459 /* HomeViewModel.swift */,
			);
			path = ViewModel;
			sourceTree = "<group>";
		};
		143185F2292B4D6C008CE459 /* ViewController */ = {
			isa = PBXGroup;
			children = (
				143185E9292B4A8D008CE459 /* ScrapPageViewController.swift */,
			);
			path = ViewController;
			sourceTree = "<group>";
		};
		143185F3292B4D73008CE459 /* View */ = {
			isa = PBXGroup;
			children = (
				143185ED292B4ABC008CE459 /* ScrapPageView.swift */,
			);
			path = View;
			sourceTree = "<group>";
		};
		143185F4292B4D75008CE459 /* ViewModel */ = {
			isa = PBXGroup;
			children = (
				143185EB292B4AB8008CE459 /* ScrapPageViewModel.swift */,
			);
			path = ViewModel;
			sourceTree = "<group>";
		};
		1459C3B82929102400FA885D /* RecommendFeedSection */ = {
			isa = PBXGroup;
			children = (
				1459C3B9292910B300FA885D /* RecommendFeedCell.swift */,
				14927E1D2929C71C001F2E97 /* RecommendFeedUserView.swift */,
				14927E1F2929CCA0001F2E97 /* RecommendFeedHeader.swift */,
			);
			path = RecommendFeedSection;
			sourceTree = "<group>";
		};
		3B061FD62928CC4300BFA71D /* Domain */ = {
			isa = PBXGroup;
			children = (
				3B061FD72928CC5600BFA71D /* SignUpDomainViewController.swift */,
				3B061FD92928CF7E00BFA71D /* SighUpDomainView.swift */,
			);
			path = Domain;
			sourceTree = "<group>";
		};
		3B061FDB2928E8D200BFA71D /* CamperID */ = {
			isa = PBXGroup;
			children = (
				3B061FDC2928E8E300BFA71D /* SignUpCamperIDViewController.swift */,
				3B061FDE2928E90400BFA71D /* SignUpCamperIDView.swift */,
			);
			path = CamperID;
			sourceTree = "<group>";
		};
		3B061FE0292926C800BFA71D /* SignUp */ = {
			isa = PBXGroup;
			children = (
				3B061FE1292926DA00BFA71D /* SignUpViewModel.swift */,
				3B061FD62928CC4300BFA71D /* Domain */,
				3B061FDB2928E8D200BFA71D /* CamperID */,
				3B061FE3292A1ECE00BFA71D /* Blog */,
			);
			path = SignUp;
			sourceTree = "<group>";
		};
		3B061FE3292A1ECE00BFA71D /* Blog */ = {
			isa = PBXGroup;
			children = (
				3B061FE4292A1F1E00BFA71D /* SignUpBlogViewController.swift */,
				3B061FE6292A1F9600BFA71D /* SignUpBlogView.swift */,
			);
			path = Blog;
			sourceTree = "<group>";
		};
		B50A276829279F2600DF3E1F = {
			isa = PBXGroup;
			children = (
				B52A7F1A2927A4E300E271D2 /* .swiftlint.auto.yml */,
				B52A7F192927A4E300E271D2 /* .swiftlint.yml */,
				B52A7F172927A4DD00E271D2 /* swiftgen.yml */,
				B52A7F232927A68F00E271D2 /* Service-Info.plist */,
				B5BA27862927AEF600BDCE08 /* GoogleService-Info.plist */,
				B50A277329279F2600DF3E1F /* burstcamp */,
				B50A277229279F2600DF3E1F /* Products */,
			);
			sourceTree = "<group>";
		};
		B50A277229279F2600DF3E1F /* Products */ = {
			isa = PBXGroup;
			children = (
				B50A277129279F2600DF3E1F /* burstcamp.app */,
			);
			name = Products;
			sourceTree = "<group>";
		};
		B50A277329279F2600DF3E1F /* burstcamp */ = {
			isa = PBXGroup;
			children = (
				B50A27BC29279F5D00DF3E1F /* App */,
				B50A28002927A16F00DF3E1F /* Service */,
				B50A27C229279F5D00DF3E1F /* Coordinator */,
				B50A27A229279F5D00DF3E1F /* Scene */,
				B5BA27892927B07300BDCE08 /* Model */,
				B50A279829279F5D00DF3E1F /* Resource */,
				B50A278829279F5D00DF3E1F /* Util */,
			);
			path = burstcamp;
			sourceTree = "<group>";
		};
		B50A278829279F5D00DF3E1F /* Util */ = {
			isa = PBXGroup;
			children = (
				D88295F0292A4410005B4273 /* Query */,
				B5BA27882927AFC200BDCE08 /* Constant */,
				B50A278929279F5D00DF3E1F /* Extension */,
				B50A279629279F5D00DF3E1F /* Protocol */,
			);
			path = Util;
			sourceTree = "<group>";
		};
		B50A278929279F5D00DF3E1F /* Extension */ = {
			isa = PBXGroup;
			children = (
				B50A278C29279F5D00DF3E1F /* TypeConversion.swift */,
				B50A278F29279F5D00DF3E1F /* UIFont+FontSet.swift */,
				B50A279029279F5D00DF3E1F /* UIColor+ColorSet.swift */,
				B50A278D29279F5D00DF3E1F /* UILabel+LineHeight.swift */,
				B50A279229279F5D00DF3E1F /* UIView+addSubViews.swift */,
				B50A279529279F5D00DF3E1F /* UIStackView+addArrangedSubviews.swift */,
				14927E212929CF37001F2E97 /* UI+ReusableView.swift */,
				143185F5292B4F63008CE459 /* UINavigationController+configure.swift */,
				D8C38677292BAE6B005A2563 /* UIControl+Combine.swift */,
			);
			path = Extension;
			sourceTree = "<group>";
		};
		B50A279629279F5D00DF3E1F /* Protocol */ = {
			isa = PBXGroup;
			children = (
				B50A279729279F5D00DF3E1F /* ReusableView.swift */,
				143185F7292B5C88008CE459 /* ContainCollectionView.swift */,
			);
			path = Protocol;
			sourceTree = "<group>";
		};
		B50A279829279F5D00DF3E1F /* Resource */ = {
			isa = PBXGroup;
			children = (
				B50A279929279F5D00DF3E1F /* Generated */,
				B50A279E29279F5D00DF3E1F /* Font */,
				B50A279C29279F5D00DF3E1F /* Colors.xcassets */,
				B50A279D29279F5D00DF3E1F /* Assets.xcassets */,
			);
			path = Resource;
			sourceTree = "<group>";
		};
		B50A279929279F5D00DF3E1F /* Generated */ = {
			isa = PBXGroup;
			children = (
				B50A279A29279F5D00DF3E1F /* Colors+Generated.swift */,
				B50A279B29279F5D00DF3E1F /* Fonts+Generated.swift */,
			);
			path = Generated;
			sourceTree = "<group>";
		};
		B50A279E29279F5D00DF3E1F /* Font */ = {
			isa = PBXGroup;
			children = (
				B50A279F29279F5D00DF3E1F /* NanumSquareEB.otf */,
				B50A27A029279F5D00DF3E1F /* NanumSquareR.otf */,
				B50A27A129279F5D00DF3E1F /* NanumSquareB.otf */,
			);
			path = Font;
			sourceTree = "<group>";
		};
		B50A27A229279F5D00DF3E1F /* Scene */ = {
			isa = PBXGroup;
			children = (
				B5BA278A2927B08100BDCE08 /* Common */,
				B50A27A329279F5D00DF3E1F /* Auth */,
				B50A27AA29279F5D00DF3E1F /* Tab */,
			);
			path = Scene;
			sourceTree = "<group>";
		};
		B50A27A329279F5D00DF3E1F /* Auth */ = {
			isa = PBXGroup;
			children = (
				3B061FE0292926C800BFA71D /* SignUp */,
				B50A27A529279F5D00DF3E1F /* LogIn */,
			);
			path = Auth;
			sourceTree = "<group>";
		};
		B50A27A529279F5D00DF3E1F /* LogIn */ = {
			isa = PBXGroup;
			children = (
				B50A27A629279F5D00DF3E1F /* LogInViewModel.swift */,
				B50A27A829279F5D00DF3E1F /* LogInView.swift */,
				B50A27A929279F5D00DF3E1F /* LogInViewController.swift */,
			);
			path = LogIn;
			sourceTree = "<group>";
		};
		B50A27AA29279F5D00DF3E1F /* Tab */ = {
			isa = PBXGroup;
			children = (
				B5DAD672292E4C6800C4A126 /* Detail */,
				B50A27AB29279F5D00DF3E1F /* Home */,
				B50A27B829279F5D00DF3E1F /* ScrapPage */,
				B50A27BA29279F5D00DF3E1F /* MyPage */,
			);
			path = Tab;
			sourceTree = "<group>";
		};
		B50A27AB29279F5D00DF3E1F /* Home */ = {
			isa = PBXGroup;
			children = (
				143185F0292B4D3D008CE459 /* View */,
				143185EF292B4D35008CE459 /* ViewController */,
				143185F1292B4D43008CE459 /* ViewModel */,
			);
			path = Home;
			sourceTree = "<group>";
		};
		B50A27AE29279F5D00DF3E1F /* NormalFeedCell */ = {
			isa = PBXGroup;
			children = (
				B50A27AF29279F5D00DF3E1F /* Footer */,
				B50A27B129279F5D00DF3E1F /* Main */,
				B50A27B629279F5D00DF3E1F /* NormalFeedCell.swift */,
			);
			path = NormalFeedCell;
			sourceTree = "<group>";
		};
		B50A27AF29279F5D00DF3E1F /* Footer */ = {
			isa = PBXGroup;
			children = (
				B50A27B029279F5D00DF3E1F /* NormalFeedCellFooter.swift */,
			);
			path = Footer;
			sourceTree = "<group>";
		};
		B50A27B129279F5D00DF3E1F /* Main */ = {
			isa = PBXGroup;
			children = (
				B50A27B229279F5D00DF3E1F /* NormalFeedCellMain.swift */,
			);
			path = Main;
			sourceTree = "<group>";
		};
		B50A27B829279F5D00DF3E1F /* ScrapPage */ = {
			isa = PBXGroup;
			children = (
				143185F2292B4D6C008CE459 /* ViewController */,
				143185F3292B4D73008CE459 /* View */,
				143185F4292B4D75008CE459 /* ViewModel */,
			);
			path = ScrapPage;
			sourceTree = "<group>";
		};
		B50A27BA29279F5D00DF3E1F /* MyPage */ = {
			isa = PBXGroup;
			children = (
				D8494D582927E915008157F1 /* ViewController */,
				D8494D572927E8FB008157F1 /* View */,
				D8494D592927E91F008157F1 /* ViewModel */,
			);
			path = MyPage;
			sourceTree = "<group>";
		};
		B50A27BC29279F5D00DF3E1F /* App */ = {
			isa = PBXGroup;
			children = (
				B50A27BF29279F5D00DF3E1F /* AppDelegate.swift */,
				B50A27C129279F5D00DF3E1F /* SceneDelegate.swift */,
				B50A27C029279F5D00DF3E1F /* Info.plist */,
				B50A27BD29279F5D00DF3E1F /* LaunchScreen.storyboard */,
			);
			path = App;
			sourceTree = "<group>";
		};
		B50A27C229279F5D00DF3E1F /* Coordinator */ = {
			isa = PBXGroup;
			children = (
				B50A27C929279F5D00DF3E1F /* Base */,
				B50A27C329279F5D00DF3E1F /* AppCoordinator.swift */,
				B50A27CB29279F5D00DF3E1F /* AppCoordinatorEvent.swift */,
				B50A27C429279F5D00DF3E1F /* AuthCoordinator.swift */,
				D8E02D6A292C981C00C1E59B /* AuthCoordinatorEvent.swift */,
				B50A27C529279F5D00DF3E1F /* TabBarCoordinator.swift */,
				D84452E6292C9A54008E811B /* TabBarCoordinatorEvent.swift */,
				B50A27C729279F5D00DF3E1F /* TabBarPage.swift */,
			);
			path = Coordinator;
			sourceTree = "<group>";
		};
		B50A27C929279F5D00DF3E1F /* Base */ = {
			isa = PBXGroup;
			children = (
				B50A27CD29279F5D00DF3E1F /* Coordinator.swift */,
			);
			path = Base;
			sourceTree = "<group>";
		};
		B50A28002927A16F00DF3E1F /* Service */ = {
			isa = PBXGroup;
			children = (
				D88295FD292A4459005B4273 /* URLSessionService.swift */,
				D88295FF292A44B9005B4273 /* FireStoreService.swift */,
				B50A27A429279F5D00DF3E1F /* LogInManager.swift */,
				D8C38671292B88DE005A2563 /* UserDefaultsManager.swift */,
				D8C38675292B8DB6005A2563 /* DarkmodeManager.swift */,
			);
			path = Service;
			sourceTree = "<group>";
		};
		B5BA27882927AFC200BDCE08 /* Constant */ = {
			isa = PBXGroup;
			children = (
				D88295EA292A43CD005B4273 /* FireStoreConfiguration.swift */,
				B50A278B29279F5D00DF3E1F /* Constant.swift */,
				D88295EE292A43EB005B4273 /* NetworkError.swift */,
				D88295FB292A4452005B4273 /* HTTPMethod.swift */,
			);
			path = Constant;
			sourceTree = "<group>";
		};
		B5BA27892927B07300BDCE08 /* Model */ = {
			isa = PBXGroup;
			children = (
				B50A27A729279F5D00DF3E1F /* APIKey.swift */,
				D8494D532927D0DC008157F1 /* User.swift */,
				D88295EC292A43E2005B4273 /* UserDTO.swift */,
				D8494D4D2927CE64008157F1 /* Domain.swift */,
				D8C38673292B8D82005A2563 /* Appearance.swift */,
				D84452FB292DB7DE008E811B /* CellIndexPath.swift */,
			);
			path = Model;
			sourceTree = "<group>";
		};
		B5BA278A2927B08100BDCE08 /* Common */ = {
			isa = PBXGroup;
			children = (
				B5BA278B2927B08800BDCE08 /* View */,
				B5BA278C2927B08C00BDCE08 /* ViewModel */,
			);
			path = Common;
			sourceTree = "<group>";
		};
		B5BA278B2927B08800BDCE08 /* View */ = {
			isa = PBXGroup;
			children = (
				B50A27AE29279F5D00DF3E1F /* NormalFeedCell */,
				D8494D492927CBD4008157F1 /* DefaultButton.swift */,
				D8494D4B2927CD6C008157F1 /* DefaultProfileImageView.swift */,
				D8494D4F2927CEAA008157F1 /* DefaultBadgeLabel.swift */,
				D8494D552927D6EB008157F1 /* DefaultBadgeView.swift */,
				D84452F5292CF4BC008E811B /* DefaultImageLabel.swift */,
				D84452F7292CF4E0008E811B /* DefaultTextField.swift */,
				B50A27B429279F5D00DF3E1F /* DefaultUserInfoView.swift */,
				B5DAD680292E58BF00C4A126 /* DefaultMultilLineLabel.swift */,
			);
			path = View;
			sourceTree = "<group>";
		};
		B5BA278C2927B08C00BDCE08 /* ViewModel */ = {
			isa = PBXGroup;
			children = (
			);
			path = ViewModel;
			sourceTree = "<group>";
		};
		B5DAD672292E4C6800C4A126 /* Detail */ = {
			isa = PBXGroup;
			children = (
				B5DAD673292E4C6800C4A126 /* ViewModel */,
				B5DAD675292E4C6800C4A126 /* View */,
				B5DAD677292E4C6800C4A126 /* ViewController */,
			);
			path = Detail;
			sourceTree = "<group>";
		};
		B5DAD673292E4C6800C4A126 /* ViewModel */ = {
			isa = PBXGroup;
			children = (
				B5DAD674292E4C6800C4A126 /* FeedDetailViewModel.swift */,
			);
			path = ViewModel;
			sourceTree = "<group>";
		};
		B5DAD675292E4C6800C4A126 /* View */ = {
			isa = PBXGroup;
			children = (
				B5DAD676292E4C6800C4A126 /* FeedDetailView.swift */,
			);
			path = View;
			sourceTree = "<group>";
		};
		B5DAD677292E4C6800C4A126 /* ViewController */ = {
			isa = PBXGroup;
			children = (
				B5DAD678292E4C6800C4A126 /* FeedDetailViewController.swift */,
			);
			path = ViewController;
			sourceTree = "<group>";
		};
		D8494D572927E8FB008157F1 /* View */ = {
			isa = PBXGroup;
			children = (
				D8494D452927C97E008157F1 /* MyPageView.swift */,
				D8494D512927D085008157F1 /* MyPageProfileView.swift */,
				D84452EB292CA55F008E811B /* MyPageEditView.swift */,
				D8C3866B292B4B0B005A2563 /* OpenSourceLicenseView.swift */,
				D84452F1292CCA80008E811B /* SettingSection.swift */,
				D84452F3292CCA92008E811B /* SettingCell.swift */,
			);
			path = View;
			sourceTree = "<group>";
		};
		D8494D582927E915008157F1 /* ViewController */ = {
			isa = PBXGroup;
			children = (
				B50A27BB29279F5D00DF3E1F /* MyPageViewController.swift */,
				D84452EF292CA57D008E811B /* MyPageEditViewController.swift */,
				D8C38669292B4AEF005A2563 /* OpenSourceLicenseViewController.swift */,
			);
			path = ViewController;
			sourceTree = "<group>";
		};
		D8494D592927E91F008157F1 /* ViewModel */ = {
			isa = PBXGroup;
			children = (
				D8494D472927C9E8008157F1 /* MyPageViewModel.swift */,
				D84452ED292CA569008E811B /* MyPageEditViewModel.swift */,
			);
			path = ViewModel;
			sourceTree = "<group>";
		};
		D88295F0292A4410005B4273 /* Query */ = {
			isa = PBXGroup;
			children = (
				D88295F5292A4428005B4273 /* FireStoreValues.swift */,
				D88295F9292A4448005B4273 /* Query.swift */,
				D88295F1292A4419005B4273 /* UserQuery.swift */,
			);
			path = Query;
			sourceTree = "<group>";
		};
/* End PBXGroup section */

/* Begin PBXNativeTarget section */
		B50A277029279F2600DF3E1F /* burstcamp */ = {
			isa = PBXNativeTarget;
			buildConfigurationList = B50A278529279F2700DF3E1F /* Build configuration list for PBXNativeTarget "burstcamp" */;
			buildPhases = (
				B50A28042927A24E00DF3E1F /* SwiftGen */,
				B50A276D29279F2600DF3E1F /* Sources */,
				B50A276E29279F2600DF3E1F /* Frameworks */,
				B50A276F29279F2600DF3E1F /* Resources */,
				B50A28032927A24100DF3E1F /* SwiftLint */,
			);
			buildRules = (
			);
			dependencies = (
			);
			name = burstcamp;
			packageProductDependencies = (
				B52A7F262927A88F00E271D2 /* Then */,
				B52A7F292927A89C00E271D2 /* SnapKit */,
				B5BA277C2927AEC600BDCE08 /* FirebaseAuth */,
				B5BA277E2927AEC600BDCE08 /* FirebaseFirestore */,
				B5BA27802927AEC600BDCE08 /* FirebaseFunctions */,
				B5BA27822927AEC600BDCE08 /* FirebaseMessaging */,
				B5BA27842927AEC600BDCE08 /* FirebaseStorage */,
			);
			productName = Eoljuga;
			productReference = B50A277129279F2600DF3E1F /* burstcamp.app */;
			productType = "com.apple.product-type.application";
		};
/* End PBXNativeTarget section */

/* Begin PBXProject section */
		B50A276929279F2600DF3E1F /* Project object */ = {
			isa = PBXProject;
			attributes = {
				BuildIndependentTargetsInParallel = 1;
				LastSwiftUpdateCheck = 1400;
				LastUpgradeCheck = 1400;
				TargetAttributes = {
					B50A277029279F2600DF3E1F = {
						CreatedOnToolsVersion = 14.0;
					};
				};
			};
			buildConfigurationList = B50A276C29279F2600DF3E1F /* Build configuration list for PBXProject "burstcamp" */;
			compatibilityVersion = "Xcode 14.0";
			developmentRegion = en;
			hasScannedForEncodings = 0;
			knownRegions = (
				en,
				Base,
			);
			mainGroup = B50A276829279F2600DF3E1F;
			packageReferences = (
				B52A7F252927A88F00E271D2 /* XCRemoteSwiftPackageReference "Then" */,
				B52A7F282927A89C00E271D2 /* XCRemoteSwiftPackageReference "SnapKit" */,
				B5BA277B2927AEC600BDCE08 /* XCRemoteSwiftPackageReference "firebase-ios-sdk" */,
			);
			productRefGroup = B50A277229279F2600DF3E1F /* Products */;
			projectDirPath = "";
			projectRoot = "";
			targets = (
				B50A277029279F2600DF3E1F /* burstcamp */,
			);
		};
/* End PBXProject section */

/* Begin PBXResourcesBuildPhase section */
		B50A276F29279F2600DF3E1F /* Resources */ = {
			isa = PBXResourcesBuildPhase;
			buildActionMask = 2147483647;
			files = (
				B52A7F1B2927A4E300E271D2 /* .swiftlint.yml in Resources */,
				B52A7F1C2927A4E300E271D2 /* .swiftlint.auto.yml in Resources */,
				B52A7F182927A4DD00E271D2 /* swiftgen.yml in Resources */,
				B52A7F242927A68F00E271D2 /* Service-Info.plist in Resources */,
				B50A27E129279F5D00DF3E1F /* NanumSquareB.otf in Resources */,
				B50A27E029279F5D00DF3E1F /* NanumSquareR.otf in Resources */,
				B50A27DF29279F5D00DF3E1F /* NanumSquareEB.otf in Resources */,
				B50A27F129279F5D00DF3E1F /* LaunchScreen.storyboard in Resources */,
				B5BA27872927AEF600BDCE08 /* GoogleService-Info.plist in Resources */,
				B50A27DD29279F5D00DF3E1F /* Colors.xcassets in Resources */,
				B50A27DE29279F5D00DF3E1F /* Assets.xcassets in Resources */,
			);
			runOnlyForDeploymentPostprocessing = 0;
		};
/* End PBXResourcesBuildPhase section */

/* Begin PBXShellScriptBuildPhase section */
		B50A28032927A24100DF3E1F /* SwiftLint */ = {
			isa = PBXShellScriptBuildPhase;
			alwaysOutOfDate = 1;
			buildActionMask = 2147483647;
			files = (
			);
			inputFileListPaths = (
			);
			inputPaths = (
			);
			name = SwiftLint;
			outputFileListPaths = (
			);
			outputPaths = (
			);
			runOnlyForDeploymentPostprocessing = 0;
			shellPath = /bin/sh;
			shellScript = "export PATH=\"$PATH:/opt/homebrew/bin\"\nif which swiftlint > /dev/null; then\n  swiftlint --fix --config \".swiftlint.auto.yml\" && swiftlint\nelse\n  echo \"warning: SwiftLint not installed, download from https://github.com/realm/SwiftLint\"\nfi\n";
		};
		B50A28042927A24E00DF3E1F /* SwiftGen */ = {
			isa = PBXShellScriptBuildPhase;
			alwaysOutOfDate = 1;
			buildActionMask = 2147483647;
			files = (
			);
			inputFileListPaths = (
			);
			inputPaths = (
			);
			name = SwiftGen;
			outputFileListPaths = (
			);
			outputPaths = (
			);
			runOnlyForDeploymentPostprocessing = 0;
			shellPath = /bin/sh;
			shellScript = "export PATH=\"$PATH:/opt/homebrew/bin\"\nif which swiftgen > /dev/null; then\n  swiftgen\nelse\n  echo \"warning: SwiftGen not installed, download from https://github.com/SwiftGen/SwiftGen\"\nfi\n";
		};
/* End PBXShellScriptBuildPhase section */

/* Begin PBXSourcesBuildPhase section */
		B50A276D29279F2600DF3E1F /* Sources */ = {
			isa = PBXSourcesBuildPhase;
			buildActionMask = 2147483647;
			files = (
				3B061FE5292A1F1E00BFA71D /* SignUpBlogViewController.swift in Sources */,
				B5DAD681292E58BF00C4A126 /* DefaultMultilLineLabel.swift in Sources */,
				B50A27DC29279F5D00DF3E1F /* Fonts+Generated.swift in Sources */,
				14927E222929CF37001F2E97 /* UI+ReusableView.swift in Sources */,
				3B061FDD2928E8E300BFA71D /* SignUpCamperIDViewController.swift in Sources */,
				B50A27EE29279F5D00DF3E1F /* HomeViewController.swift in Sources */,
				B50A27E629279F5D00DF3E1F /* LogInViewController.swift in Sources */,
				B50A27EB29279F5D00DF3E1F /* DefaultUserInfoView.swift in Sources */,
				D84452EE292CA569008E811B /* MyPageEditViewModel.swift in Sources */,
				B50A27CF29279F5D00DF3E1F /* Constant.swift in Sources */,
				D88295FC292A4452005B4273 /* HTTPMethod.swift in Sources */,
				D84452F2292CCA80008E811B /* SettingSection.swift in Sources */,
				D8494D502927CEAA008157F1 /* DefaultBadgeLabel.swift in Sources */,
				14927E1E2929C71C001F2E97 /* RecommendFeedUserView.swift in Sources */,
				D88295EF292A43EB005B4273 /* NetworkError.swift in Sources */,
				D84452F0292CA57D008E811B /* MyPageEditViewController.swift in Sources */,
				D84452FC292DB7DE008E811B /* CellIndexPath.swift in Sources */,
				D88295EB292A43CD005B4273 /* FireStoreConfiguration.swift in Sources */,
				D84452E7292C9A54008E811B /* TabBarCoordinatorEvent.swift in Sources */,
				B50A27E429279F5D00DF3E1F /* APIKey.swift in Sources */,
				B50A27ED29279F5D00DF3E1F /* NormalFeedCell.swift in Sources */,
				D8494D462927C97E008157F1 /* MyPageView.swift in Sources */,
				D8494D562927D6EB008157F1 /* DefaultBadgeView.swift in Sources */,
				3B061FE7292A1F9600BFA71D /* SignUpBlogView.swift in Sources */,
				D88295FE292A4459005B4273 /* URLSessionService.swift in Sources */,
				D8C38674292B8D82005A2563 /* Appearance.swift in Sources */,
				B50A27F729279F5D00DF3E1F /* TabBarCoordinator.swift in Sources */,
				D88295F6292A4428005B4273 /* FireStoreValues.swift in Sources */,
				143185EA292B4A8D008CE459 /* ScrapPageViewController.swift in Sources */,
				B5DAD67A292E4C6800C4A126 /* FeedDetailView.swift in Sources */,
				D8829600292A44B9005B4273 /* FireStoreService.swift in Sources */,
				1459C3BA292910B300FA885D /* RecommendFeedCell.swift in Sources */,
				B50A27E529279F5D00DF3E1F /* LogInView.swift in Sources */,
				D8494D4E2927CE64008157F1 /* Domain.swift in Sources */,
				3B061FDA2928CF7E00BFA71D /* SighUpDomainView.swift in Sources */,
				D8494D482927C9E8008157F1 /* MyPageViewModel.swift in Sources */,
				D8494D4A2927CBD4008157F1 /* DefaultButton.swift in Sources */,
				1458C6952928FB1B00E00B80 /* HomeView.swift in Sources */,
				B50A27FE29279F5D00DF3E1F /* Coordinator.swift in Sources */,
				143185E8292B46F9008CE459 /* HomeViewModel.swift in Sources */,
				B50A27F429279F5D00DF3E1F /* SceneDelegate.swift in Sources */,
				143185EC292B4AB8008CE459 /* ScrapPageViewModel.swift in Sources */,
				B50A27E929279F5D00DF3E1F /* NormalFeedCellFooter.swift in Sources */,
				143185F8292B5C88008CE459 /* ContainCollectionView.swift in Sources */,
				B5DAD67B292E4C6800C4A126 /* FeedDetailViewController.swift in Sources */,
				D8C38678292BAE6B005A2563 /* UIControl+Combine.swift in Sources */,
				D84452EC292CA55F008E811B /* MyPageEditView.swift in Sources */,
				D8494D522927D086008157F1 /* MyPageProfileView.swift in Sources */,
				3B061FDF2928E90400BFA71D /* SignUpCamperIDView.swift in Sources */,
				B50A27F629279F5D00DF3E1F /* AuthCoordinator.swift in Sources */,
				D8494D542927D0DC008157F1 /* User.swift in Sources */,
				B50A27EA29279F5D00DF3E1F /* NormalFeedCellMain.swift in Sources */,
				B50A27D329279F5D00DF3E1F /* UIFont+FontSet.swift in Sources */,
				B50A27FC29279F5D00DF3E1F /* AppCoordinatorEvent.swift in Sources */,
				B50A27D129279F5D00DF3E1F /* UILabel+LineHeight.swift in Sources */,
				B50A27E229279F5D00DF3E1F /* LogInManager.swift in Sources */,
				B50A27F529279F5D00DF3E1F /* AppCoordinator.swift in Sources */,
				B50A27F929279F5D00DF3E1F /* TabBarPage.swift in Sources */,
				3B061FE2292926DA00BFA71D /* SignUpViewModel.swift in Sources */,
				D84452F8292CF4E0008E811B /* DefaultTextField.swift in Sources */,
				D8C3866C292B4B0B005A2563 /* OpenSourceLicenseView.swift in Sources */,
				B50A27DB29279F5D00DF3E1F /* Colors+Generated.swift in Sources */,
				D84452F6292CF4BC008E811B /* DefaultImageLabel.swift in Sources */,
				D8C38672292B88DE005A2563 /* UserDefaultsManager.swift in Sources */,
				D84452F4292CCA92008E811B /* SettingCell.swift in Sources */,
				1459C3BC2929150200FA885D /* FeedCellType.swift in Sources */,
				D8C3866A292B4AEF005A2563 /* OpenSourceLicenseViewController.swift in Sources */,
				B50A27D929279F5D00DF3E1F /* UIStackView+addArrangedSubviews.swift in Sources */,
				3B061FD82928CC5600BFA71D /* SignUpDomainViewController.swift in Sources */,
				D88295ED292A43E2005B4273 /* UserDTO.swift in Sources */,
				D8E02D6B292C981C00C1E59B /* AuthCoordinatorEvent.swift in Sources */,
				B50A27DA29279F5D00DF3E1F /* ReusableView.swift in Sources */,
				D8494D4C2927CD6C008157F1 /* DefaultProfileImageView.swift in Sources */,
				B50A27D629279F5D00DF3E1F /* UIView+addSubViews.swift in Sources */,
				B5DAD679292E4C6800C4A126 /* FeedDetailViewModel.swift in Sources */,
				B50A27E329279F5D00DF3E1F /* LogInViewModel.swift in Sources */,
				B50A27F029279F5D00DF3E1F /* MyPageViewController.swift in Sources */,
				B50A27D429279F5D00DF3E1F /* UIColor+ColorSet.swift in Sources */,
				143185F6292B4F63008CE459 /* UINavigationController+configure.swift in Sources */,
				14927E202929CCA0001F2E97 /* RecommendFeedHeader.swift in Sources */,
				D88295FA292A4448005B4273 /* Query.swift in Sources */,
				B50A27F229279F5D00DF3E1F /* AppDelegate.swift in Sources */,
				B50A27D029279F5D00DF3E1F /* TypeConversion.swift in Sources */,
				143185EE292B4ABC008CE459 /* ScrapPageView.swift in Sources */,
				D88295F2292A4419005B4273 /* UserQuery.swift in Sources */,
				D8C38676292B8DB6005A2563 /* DarkmodeManager.swift in Sources */,
			);
			runOnlyForDeploymentPostprocessing = 0;
		};
/* End PBXSourcesBuildPhase section */

/* Begin PBXVariantGroup section */
		B50A27BD29279F5D00DF3E1F /* LaunchScreen.storyboard */ = {
			isa = PBXVariantGroup;
			children = (
				B50A27BE29279F5D00DF3E1F /* Base */,
			);
			name = LaunchScreen.storyboard;
			sourceTree = "<group>";
		};
/* End PBXVariantGroup section */

/* Begin XCBuildConfiguration section */
		B50A278329279F2700DF3E1F /* Debug */ = {
			isa = XCBuildConfiguration;
			buildSettings = {
				ALWAYS_SEARCH_USER_PATHS = NO;
				CLANG_ANALYZER_NONNULL = YES;
				CLANG_ANALYZER_NUMBER_OBJECT_CONVERSION = YES_AGGRESSIVE;
				CLANG_CXX_LANGUAGE_STANDARD = "gnu++20";
				CLANG_ENABLE_MODULES = YES;
				CLANG_ENABLE_OBJC_ARC = YES;
				CLANG_ENABLE_OBJC_WEAK = YES;
				CLANG_WARN_BLOCK_CAPTURE_AUTORELEASING = YES;
				CLANG_WARN_BOOL_CONVERSION = YES;
				CLANG_WARN_COMMA = YES;
				CLANG_WARN_CONSTANT_CONVERSION = YES;
				CLANG_WARN_DEPRECATED_OBJC_IMPLEMENTATIONS = YES;
				CLANG_WARN_DIRECT_OBJC_ISA_USAGE = YES_ERROR;
				CLANG_WARN_DOCUMENTATION_COMMENTS = YES;
				CLANG_WARN_EMPTY_BODY = YES;
				CLANG_WARN_ENUM_CONVERSION = YES;
				CLANG_WARN_INFINITE_RECURSION = YES;
				CLANG_WARN_INT_CONVERSION = YES;
				CLANG_WARN_NON_LITERAL_NULL_CONVERSION = YES;
				CLANG_WARN_OBJC_IMPLICIT_RETAIN_SELF = YES;
				CLANG_WARN_OBJC_LITERAL_CONVERSION = YES;
				CLANG_WARN_OBJC_ROOT_CLASS = YES_ERROR;
				CLANG_WARN_QUOTED_INCLUDE_IN_FRAMEWORK_HEADER = YES;
				CLANG_WARN_RANGE_LOOP_ANALYSIS = YES;
				CLANG_WARN_STRICT_PROTOTYPES = YES;
				CLANG_WARN_SUSPICIOUS_MOVE = YES;
				CLANG_WARN_UNGUARDED_AVAILABILITY = YES_AGGRESSIVE;
				CLANG_WARN_UNREACHABLE_CODE = YES;
				CLANG_WARN__DUPLICATE_METHOD_MATCH = YES;
				COPY_PHASE_STRIP = NO;
				DEBUG_INFORMATION_FORMAT = dwarf;
				ENABLE_STRICT_OBJC_MSGSEND = YES;
				ENABLE_TESTABILITY = YES;
				GCC_C_LANGUAGE_STANDARD = gnu11;
				GCC_DYNAMIC_NO_PIC = NO;
				GCC_NO_COMMON_BLOCKS = YES;
				GCC_OPTIMIZATION_LEVEL = 0;
				GCC_PREPROCESSOR_DEFINITIONS = (
					"DEBUG=1",
					"$(inherited)",
				);
				GCC_WARN_64_TO_32_BIT_CONVERSION = YES;
				GCC_WARN_ABOUT_RETURN_TYPE = YES_ERROR;
				GCC_WARN_UNDECLARED_SELECTOR = YES;
				GCC_WARN_UNINITIALIZED_AUTOS = YES_AGGRESSIVE;
				GCC_WARN_UNUSED_FUNCTION = YES;
				GCC_WARN_UNUSED_VARIABLE = YES;
				IPHONEOS_DEPLOYMENT_TARGET = 14.0;
				MTL_ENABLE_DEBUG_INFO = INCLUDE_SOURCE;
				MTL_FAST_MATH = YES;
				ONLY_ACTIVE_ARCH = YES;
				SDKROOT = iphoneos;
				SWIFT_ACTIVE_COMPILATION_CONDITIONS = DEBUG;
				SWIFT_OPTIMIZATION_LEVEL = "-Onone";
			};
			name = Debug;
		};
		B50A278429279F2700DF3E1F /* Release */ = {
			isa = XCBuildConfiguration;
			buildSettings = {
				ALWAYS_SEARCH_USER_PATHS = NO;
				CLANG_ANALYZER_NONNULL = YES;
				CLANG_ANALYZER_NUMBER_OBJECT_CONVERSION = YES_AGGRESSIVE;
				CLANG_CXX_LANGUAGE_STANDARD = "gnu++20";
				CLANG_ENABLE_MODULES = YES;
				CLANG_ENABLE_OBJC_ARC = YES;
				CLANG_ENABLE_OBJC_WEAK = YES;
				CLANG_WARN_BLOCK_CAPTURE_AUTORELEASING = YES;
				CLANG_WARN_BOOL_CONVERSION = YES;
				CLANG_WARN_COMMA = YES;
				CLANG_WARN_CONSTANT_CONVERSION = YES;
				CLANG_WARN_DEPRECATED_OBJC_IMPLEMENTATIONS = YES;
				CLANG_WARN_DIRECT_OBJC_ISA_USAGE = YES_ERROR;
				CLANG_WARN_DOCUMENTATION_COMMENTS = YES;
				CLANG_WARN_EMPTY_BODY = YES;
				CLANG_WARN_ENUM_CONVERSION = YES;
				CLANG_WARN_INFINITE_RECURSION = YES;
				CLANG_WARN_INT_CONVERSION = YES;
				CLANG_WARN_NON_LITERAL_NULL_CONVERSION = YES;
				CLANG_WARN_OBJC_IMPLICIT_RETAIN_SELF = YES;
				CLANG_WARN_OBJC_LITERAL_CONVERSION = YES;
				CLANG_WARN_OBJC_ROOT_CLASS = YES_ERROR;
				CLANG_WARN_QUOTED_INCLUDE_IN_FRAMEWORK_HEADER = YES;
				CLANG_WARN_RANGE_LOOP_ANALYSIS = YES;
				CLANG_WARN_STRICT_PROTOTYPES = YES;
				CLANG_WARN_SUSPICIOUS_MOVE = YES;
				CLANG_WARN_UNGUARDED_AVAILABILITY = YES_AGGRESSIVE;
				CLANG_WARN_UNREACHABLE_CODE = YES;
				CLANG_WARN__DUPLICATE_METHOD_MATCH = YES;
				COPY_PHASE_STRIP = NO;
				DEBUG_INFORMATION_FORMAT = "dwarf-with-dsym";
				ENABLE_NS_ASSERTIONS = NO;
				ENABLE_STRICT_OBJC_MSGSEND = YES;
				GCC_C_LANGUAGE_STANDARD = gnu11;
				GCC_NO_COMMON_BLOCKS = YES;
				GCC_WARN_64_TO_32_BIT_CONVERSION = YES;
				GCC_WARN_ABOUT_RETURN_TYPE = YES_ERROR;
				GCC_WARN_UNDECLARED_SELECTOR = YES;
				GCC_WARN_UNINITIALIZED_AUTOS = YES_AGGRESSIVE;
				GCC_WARN_UNUSED_FUNCTION = YES;
				GCC_WARN_UNUSED_VARIABLE = YES;
				IPHONEOS_DEPLOYMENT_TARGET = 14.0;
				MTL_ENABLE_DEBUG_INFO = NO;
				MTL_FAST_MATH = YES;
				SDKROOT = iphoneos;
				SWIFT_COMPILATION_MODE = wholemodule;
				SWIFT_OPTIMIZATION_LEVEL = "-O";
				VALIDATE_PRODUCT = YES;
			};
			name = Release;
		};
		B50A278629279F2700DF3E1F /* Debug */ = {
			isa = XCBuildConfiguration;
			buildSettings = {
				ASSETCATALOG_COMPILER_APPICON_NAME = AppIcon;
				ASSETCATALOG_COMPILER_GLOBAL_ACCENT_COLOR_NAME = AccentColor;
				CODE_SIGN_STYLE = Automatic;
				CURRENT_PROJECT_VERSION = 1;
				DEVELOPMENT_TEAM = "";
				GENERATE_INFOPLIST_FILE = YES;
				INFOPLIST_FILE = burstcamp/App/Info.plist;
				INFOPLIST_KEY_UIApplicationSupportsIndirectInputEvents = YES;
				INFOPLIST_KEY_UILaunchStoryboardName = LaunchScreen;
				INFOPLIST_KEY_UISupportedInterfaceOrientations_iPad = "UIInterfaceOrientationPortrait UIInterfaceOrientationPortraitUpsideDown UIInterfaceOrientationLandscapeLeft UIInterfaceOrientationLandscapeRight";
				INFOPLIST_KEY_UISupportedInterfaceOrientations_iPhone = "UIInterfaceOrientationPortrait UIInterfaceOrientationLandscapeLeft UIInterfaceOrientationLandscapeRight";
				IPHONEOS_DEPLOYMENT_TARGET = 14.0;
				LD_RUNPATH_SEARCH_PATHS = (
					"$(inherited)",
					"@executable_path/Frameworks",
				);
				MARKETING_VERSION = 1.0;
				PRODUCT_BUNDLE_IDENTIFIER = com.codershigh.boostcamp.burstcamp;
				PRODUCT_NAME = "$(TARGET_NAME)";
				SUPPORTED_PLATFORMS = "iphoneos iphonesimulator";
				SUPPORTS_MACCATALYST = NO;
				SUPPORTS_MAC_DESIGNED_FOR_IPHONE_IPAD = NO;
				SWIFT_EMIT_LOC_STRINGS = YES;
				SWIFT_VERSION = 5.0;
				TARGETED_DEVICE_FAMILY = 1;
			};
			name = Debug;
		};
		B50A278729279F2700DF3E1F /* Release */ = {
			isa = XCBuildConfiguration;
			buildSettings = {
				ASSETCATALOG_COMPILER_APPICON_NAME = AppIcon;
				ASSETCATALOG_COMPILER_GLOBAL_ACCENT_COLOR_NAME = AccentColor;
				CODE_SIGN_STYLE = Automatic;
				CURRENT_PROJECT_VERSION = 1;
				DEVELOPMENT_TEAM = "";
				GENERATE_INFOPLIST_FILE = YES;
				INFOPLIST_FILE = burstcamp/App/Info.plist;
				INFOPLIST_KEY_UIApplicationSupportsIndirectInputEvents = YES;
				INFOPLIST_KEY_UILaunchStoryboardName = LaunchScreen;
				INFOPLIST_KEY_UISupportedInterfaceOrientations_iPad = "UIInterfaceOrientationPortrait UIInterfaceOrientationPortraitUpsideDown UIInterfaceOrientationLandscapeLeft UIInterfaceOrientationLandscapeRight";
				INFOPLIST_KEY_UISupportedInterfaceOrientations_iPhone = "UIInterfaceOrientationPortrait UIInterfaceOrientationLandscapeLeft UIInterfaceOrientationLandscapeRight";
				IPHONEOS_DEPLOYMENT_TARGET = 14.0;
				LD_RUNPATH_SEARCH_PATHS = (
					"$(inherited)",
					"@executable_path/Frameworks",
				);
				MARKETING_VERSION = 1.0;
				PRODUCT_BUNDLE_IDENTIFIER = com.codershigh.boostcamp.burstcamp;
				PRODUCT_NAME = "$(TARGET_NAME)";
				SUPPORTED_PLATFORMS = "iphoneos iphonesimulator";
				SUPPORTS_MACCATALYST = NO;
				SUPPORTS_MAC_DESIGNED_FOR_IPHONE_IPAD = NO;
				SWIFT_EMIT_LOC_STRINGS = YES;
				SWIFT_VERSION = 5.0;
				TARGETED_DEVICE_FAMILY = 1;
			};
			name = Release;
		};
/* End XCBuildConfiguration section */

/* Begin XCConfigurationList section */
		B50A276C29279F2600DF3E1F /* Build configuration list for PBXProject "burstcamp" */ = {
			isa = XCConfigurationList;
			buildConfigurations = (
				B50A278329279F2700DF3E1F /* Debug */,
				B50A278429279F2700DF3E1F /* Release */,
			);
			defaultConfigurationIsVisible = 0;
			defaultConfigurationName = Release;
		};
		B50A278529279F2700DF3E1F /* Build configuration list for PBXNativeTarget "burstcamp" */ = {
			isa = XCConfigurationList;
			buildConfigurations = (
				B50A278629279F2700DF3E1F /* Debug */,
				B50A278729279F2700DF3E1F /* Release */,
			);
			defaultConfigurationIsVisible = 0;
			defaultConfigurationName = Release;
		};
/* End XCConfigurationList section */

/* Begin XCRemoteSwiftPackageReference section */
		B52A7F252927A88F00E271D2 /* XCRemoteSwiftPackageReference "Then" */ = {
			isa = XCRemoteSwiftPackageReference;
			repositoryURL = "https://github.com/devxoul/Then.git";
			requirement = {
				kind = exactVersion;
				version = 3.0.0;
			};
		};
		B52A7F282927A89C00E271D2 /* XCRemoteSwiftPackageReference "SnapKit" */ = {
			isa = XCRemoteSwiftPackageReference;
			repositoryURL = "https://github.com/SnapKit/SnapKit.git";
			requirement = {
				kind = exactVersion;
				version = 5.6.0;
			};
		};
		B5BA277B2927AEC600BDCE08 /* XCRemoteSwiftPackageReference "firebase-ios-sdk" */ = {
			isa = XCRemoteSwiftPackageReference;
			repositoryURL = "https://github.com/firebase/firebase-ios-sdk.git";
			requirement = {
				kind = exactVersion;
				version = 10.2.0;
			};
		};
/* End XCRemoteSwiftPackageReference section */

/* Begin XCSwiftPackageProductDependency section */
		B52A7F262927A88F00E271D2 /* Then */ = {
			isa = XCSwiftPackageProductDependency;
			package = B52A7F252927A88F00E271D2 /* XCRemoteSwiftPackageReference "Then" */;
			productName = Then;
		};
		B52A7F292927A89C00E271D2 /* SnapKit */ = {
			isa = XCSwiftPackageProductDependency;
			package = B52A7F282927A89C00E271D2 /* XCRemoteSwiftPackageReference "SnapKit" */;
			productName = SnapKit;
		};
		B5BA277C2927AEC600BDCE08 /* FirebaseAuth */ = {
			isa = XCSwiftPackageProductDependency;
			package = B5BA277B2927AEC600BDCE08 /* XCRemoteSwiftPackageReference "firebase-ios-sdk" */;
			productName = FirebaseAuth;
		};
		B5BA277E2927AEC600BDCE08 /* FirebaseFirestore */ = {
			isa = XCSwiftPackageProductDependency;
			package = B5BA277B2927AEC600BDCE08 /* XCRemoteSwiftPackageReference "firebase-ios-sdk" */;
			productName = FirebaseFirestore;
		};
		B5BA27802927AEC600BDCE08 /* FirebaseFunctions */ = {
			isa = XCSwiftPackageProductDependency;
			package = B5BA277B2927AEC600BDCE08 /* XCRemoteSwiftPackageReference "firebase-ios-sdk" */;
			productName = FirebaseFunctions;
		};
		B5BA27822927AEC600BDCE08 /* FirebaseMessaging */ = {
			isa = XCSwiftPackageProductDependency;
			package = B5BA277B2927AEC600BDCE08 /* XCRemoteSwiftPackageReference "firebase-ios-sdk" */;
			productName = FirebaseMessaging;
		};
		B5BA27842927AEC600BDCE08 /* FirebaseStorage */ = {
			isa = XCSwiftPackageProductDependency;
			package = B5BA277B2927AEC600BDCE08 /* XCRemoteSwiftPackageReference "firebase-ios-sdk" */;
			productName = FirebaseStorage;
		};
/* End XCSwiftPackageProductDependency section */
	};
	rootObject = B50A276929279F2600DF3E1F /* Project object */;
}
