// !$*UTF8*$!
{
	archiveVersion = 1;
	classes = {
	};
	objectVersion = 56;
	objects = {

/* Begin PBXBuildFile section */
		141BC26C2925BDBA003C415B /* UINavigationController+navigationBar.swift in Sources */ = {isa = PBXBuildFile; fileRef = 141BC26B2925BDBA003C415B /* UINavigationController+navigationBar.swift */; };
		141BC26E2925BEA3003C415B /* UICollectionViewCell+identifier.swift in Sources */ = {isa = PBXBuildFile; fileRef = 141BC26D2925BEA3003C415B /* UICollectionViewCell+identifier.swift */; };
		141BC2712925C499003C415B /* ReusableView.swift in Sources */ = {isa = PBXBuildFile; fileRef = 141BC2702925C499003C415B /* ReusableView.swift */; };
		14665BBF292500C100BC3F7D /* DefaultFeedCell.swift in Sources */ = {isa = PBXBuildFile; fileRef = 14665BBE292500C100BC3F7D /* DefaultFeedCell.swift */; };
		14826C282923869D00087151 /* TabBarCoordinator.swift in Sources */ = {isa = PBXBuildFile; fileRef = 14826C272923869D00087151 /* TabBarCoordinator.swift */; };
		14826C2A2923A20D00087151 /* AuthCoordinator.swift in Sources */ = {isa = PBXBuildFile; fileRef = 14826C292923A20D00087151 /* AuthCoordinator.swift */; };
		14826C2C2923A4C200087151 /* AppCoordinator.swift in Sources */ = {isa = PBXBuildFile; fileRef = 14826C2B2923A4C200087151 /* AppCoordinator.swift */; };
		14826C312923AA7300087151 /* HomeViewController.swift in Sources */ = {isa = PBXBuildFile; fileRef = 14826C302923AA7300087151 /* HomeViewController.swift */; };
		14826C332923AACB00087151 /* BookmarkViewController.swift in Sources */ = {isa = PBXBuildFile; fileRef = 14826C322923AACB00087151 /* BookmarkViewController.swift */; };
		14826C352923AB0300087151 /* MyPageViewController.swift in Sources */ = {isa = PBXBuildFile; fileRef = 14826C342923AB0300087151 /* MyPageViewController.swift */; };
		14826C372923B49100087151 /* LoginViewController.swift in Sources */ = {isa = PBXBuildFile; fileRef = 14826C362923B49100087151 /* LoginViewController.swift */; };
		14826C8D2924AC8B00087151 /* TabBarPage.swift in Sources */ = {isa = PBXBuildFile; fileRef = 14826C8C2924AC8B00087151 /* TabBarPage.swift */; };
		14826C972924CEAC00087151 /* Coordinator.swift in Sources */ = {isa = PBXBuildFile; fileRef = 14826C962924CEAC00087151 /* Coordinator.swift */; };
		14826C992924CEB600087151 /* CoordinatorEvent.swift in Sources */ = {isa = PBXBuildFile; fileRef = 14826C982924CEB600087151 /* CoordinatorEvent.swift */; };
		14826C9B2924CECF00087151 /* CoordinatorPublisher.swift in Sources */ = {isa = PBXBuildFile; fileRef = 14826C9A2924CECF00087151 /* CoordinatorPublisher.swift */; };
		14826C9E2924D06000087151 /* Service-Info.plist in Resources */ = {isa = PBXBuildFile; fileRef = 14826C9C2924D06000087151 /* Service-Info.plist */; };
		14826C9F2924D06000087151 /* GoogleService-Info.plist in Resources */ = {isa = PBXBuildFile; fileRef = 14826C9D2924D06000087151 /* GoogleService-Info.plist */; };
		B50A26B12924E5FB00DF3E1F /* FirebaseAnalytics in Frameworks */ = {isa = PBXBuildFile; productRef = B50A26B02924E5FB00DF3E1F /* FirebaseAnalytics */; };
		B50A26B82925047700DF3E1F /* Colors.xcassets in Resources */ = {isa = PBXBuildFile; fileRef = B50A26B72925047700DF3E1F /* Colors.xcassets */; };
		B50A26C52925112000DF3E1F /* swiftgen.yml in Resources */ = {isa = PBXBuildFile; fileRef = B50A26C42925112000DF3E1F /* swiftgen.yml */; };
		B50A26CF2925124800DF3E1F /* Fonts+Generated.swift in Sources */ = {isa = PBXBuildFile; fileRef = B50A26CD2925124800DF3E1F /* Fonts+Generated.swift */; };
		B50A26D02925124800DF3E1F /* Colors+Generated.swift in Sources */ = {isa = PBXBuildFile; fileRef = B50A26CE2925124800DF3E1F /* Colors+Generated.swift */; };
		B50A26D22925129A00DF3E1F /* UIColor+ColorSet.swift in Sources */ = {isa = PBXBuildFile; fileRef = B50A26D12925129A00DF3E1F /* UIColor+ColorSet.swift */; };
		B50A26D42925131500DF3E1F /* UIFont+FontSet.swift in Sources */ = {isa = PBXBuildFile; fileRef = B50A26D32925131500DF3E1F /* UIFont+FontSet.swift */; };
		B53EC9FB29236FCE00B87A55 /* AppDelegate.swift in Sources */ = {isa = PBXBuildFile; fileRef = B53EC9FA29236FCE00B87A55 /* AppDelegate.swift */; };
		B53EC9FD29236FCE00B87A55 /* SceneDelegate.swift in Sources */ = {isa = PBXBuildFile; fileRef = B53EC9FC29236FCE00B87A55 /* SceneDelegate.swift */; };
		B53ECA0429236FCF00B87A55 /* Assets.xcassets in Resources */ = {isa = PBXBuildFile; fileRef = B53ECA0329236FCF00B87A55 /* Assets.xcassets */; };
		B53ECA0729236FCF00B87A55 /* LaunchScreen.storyboard in Resources */ = {isa = PBXBuildFile; fileRef = B53ECA0529236FCF00B87A55 /* LaunchScreen.storyboard */; };
		B53ECA1229236FCF00B87A55 /* EoljugaTests.swift in Sources */ = {isa = PBXBuildFile; fileRef = B53ECA1129236FCF00B87A55 /* EoljugaTests.swift */; };
		B53ECA1C29236FCF00B87A55 /* EoljugaUITests.swift in Sources */ = {isa = PBXBuildFile; fileRef = B53ECA1B29236FCF00B87A55 /* EoljugaUITests.swift */; };
		B53ECA1E29236FCF00B87A55 /* EoljugaUITestsLaunchTests.swift in Sources */ = {isa = PBXBuildFile; fileRef = B53ECA1D29236FCF00B87A55 /* EoljugaUITestsLaunchTests.swift */; };
		B53ECA2C2923704700B87A55 /* .swiftlint.auto.yml in Resources */ = {isa = PBXBuildFile; fileRef = B53ECA2A2923704600B87A55 /* .swiftlint.auto.yml */; };
		B53ECA2D2923704700B87A55 /* .swiftlint.yml in Resources */ = {isa = PBXBuildFile; fileRef = B53ECA2B2923704700B87A55 /* .swiftlint.yml */; };
		B53ECA312923727100B87A55 /* SnapKit in Frameworks */ = {isa = PBXBuildFile; productRef = B53ECA302923727100B87A55 /* SnapKit */; };
		B53ECA342923729700B87A55 /* Then in Frameworks */ = {isa = PBXBuildFile; productRef = B53ECA332923729700B87A55 /* Then */; };
		B53ECA372923736400B87A55 /* FirebaseAuth in Frameworks */ = {isa = PBXBuildFile; productRef = B53ECA362923736400B87A55 /* FirebaseAuth */; };
		B53ECA392923736400B87A55 /* FirebaseFirestore in Frameworks */ = {isa = PBXBuildFile; productRef = B53ECA382923736400B87A55 /* FirebaseFirestore */; };
		B53ECA3B2923736400B87A55 /* FirebaseFunctions in Frameworks */ = {isa = PBXBuildFile; productRef = B53ECA3A2923736400B87A55 /* FirebaseFunctions */; };
		B53ECA3D2923736400B87A55 /* FirebaseMessaging in Frameworks */ = {isa = PBXBuildFile; productRef = B53ECA3C2923736400B87A55 /* FirebaseMessaging */; };
		B53ECA3F2923736400B87A55 /* FirebaseStorage in Frameworks */ = {isa = PBXBuildFile; productRef = B53ECA3E2923736400B87A55 /* FirebaseStorage */; };
		D85FB6DF2924EFCA006ED875 /* NanumSquareB.otf in Resources */ = {isa = PBXBuildFile; fileRef = D85FB6DD2924EB94006ED875 /* NanumSquareB.otf */; };
		D85FB6E02924EFCC006ED875 /* NanumSquareEB.otf in Resources */ = {isa = PBXBuildFile; fileRef = D85FB6DB2924EB94006ED875 /* NanumSquareEB.otf */; };
		D85FB6E12924EFCE006ED875 /* NanumSquareR.otf in Resources */ = {isa = PBXBuildFile; fileRef = D85FB6DC2924EB94006ED875 /* NanumSquareR.otf */; };
/* End PBXBuildFile section */

/* Begin PBXContainerItemProxy section */
		B53ECA0E29236FCF00B87A55 /* PBXContainerItemProxy */ = {
			isa = PBXContainerItemProxy;
			containerPortal = B53EC9EF29236FCE00B87A55 /* Project object */;
			proxyType = 1;
			remoteGlobalIDString = B53EC9F629236FCE00B87A55;
			remoteInfo = Eoljuga;
		};
		B53ECA1829236FCF00B87A55 /* PBXContainerItemProxy */ = {
			isa = PBXContainerItemProxy;
			containerPortal = B53EC9EF29236FCE00B87A55 /* Project object */;
			proxyType = 1;
			remoteGlobalIDString = B53EC9F629236FCE00B87A55;
			remoteInfo = Eoljuga;
		};
/* End PBXContainerItemProxy section */

/* Begin PBXFileReference section */
		141BC26B2925BDBA003C415B /* UINavigationController+navigationBar.swift */ = {isa = PBXFileReference; lastKnownFileType = sourcecode.swift; name = "UINavigationController+navigationBar.swift"; path = "Eoljuga/Scene/Tab/Home/UINavigationController+navigationBar.swift"; sourceTree = SOURCE_ROOT; };
		141BC26D2925BEA3003C415B /* UICollectionViewCell+identifier.swift */ = {isa = PBXFileReference; lastKnownFileType = sourcecode.swift; name = "UICollectionViewCell+identifier.swift"; path = "Eoljuga/Scene/Tab/Home/UICollectionViewCell+identifier.swift"; sourceTree = SOURCE_ROOT; };
		141BC2702925C499003C415B /* ReusableView.swift */ = {isa = PBXFileReference; lastKnownFileType = sourcecode.swift; path = ReusableView.swift; sourceTree = "<group>"; };
		14665BBE292500C100BC3F7D /* DefaultFeedCell.swift */ = {isa = PBXFileReference; lastKnownFileType = sourcecode.swift; path = DefaultFeedCell.swift; sourceTree = "<group>"; };
		14826C272923869D00087151 /* TabBarCoordinator.swift */ = {isa = PBXFileReference; lastKnownFileType = sourcecode.swift; path = TabBarCoordinator.swift; sourceTree = "<group>"; };
		14826C292923A20D00087151 /* AuthCoordinator.swift */ = {isa = PBXFileReference; lastKnownFileType = sourcecode.swift; path = AuthCoordinator.swift; sourceTree = "<group>"; };
		14826C2B2923A4C200087151 /* AppCoordinator.swift */ = {isa = PBXFileReference; lastKnownFileType = sourcecode.swift; path = AppCoordinator.swift; sourceTree = "<group>"; };
		14826C302923AA7300087151 /* HomeViewController.swift */ = {isa = PBXFileReference; lastKnownFileType = sourcecode.swift; path = HomeViewController.swift; sourceTree = "<group>"; };
		14826C322923AACB00087151 /* BookmarkViewController.swift */ = {isa = PBXFileReference; lastKnownFileType = sourcecode.swift; path = BookmarkViewController.swift; sourceTree = "<group>"; };
		14826C342923AB0300087151 /* MyPageViewController.swift */ = {isa = PBXFileReference; lastKnownFileType = sourcecode.swift; path = MyPageViewController.swift; sourceTree = "<group>"; };
		14826C362923B49100087151 /* LoginViewController.swift */ = {isa = PBXFileReference; lastKnownFileType = sourcecode.swift; path = LoginViewController.swift; sourceTree = "<group>"; };
		14826C8C2924AC8B00087151 /* TabBarPage.swift */ = {isa = PBXFileReference; lastKnownFileType = sourcecode.swift; path = TabBarPage.swift; sourceTree = "<group>"; };
		14826C962924CEAC00087151 /* Coordinator.swift */ = {isa = PBXFileReference; lastKnownFileType = sourcecode.swift; path = Coordinator.swift; sourceTree = "<group>"; };
		14826C982924CEB600087151 /* CoordinatorEvent.swift */ = {isa = PBXFileReference; lastKnownFileType = sourcecode.swift; path = CoordinatorEvent.swift; sourceTree = "<group>"; };
		14826C9A2924CECF00087151 /* CoordinatorPublisher.swift */ = {isa = PBXFileReference; lastKnownFileType = sourcecode.swift; path = CoordinatorPublisher.swift; sourceTree = "<group>"; };
		14826C9C2924D06000087151 /* Service-Info.plist */ = {isa = PBXFileReference; fileEncoding = 4; lastKnownFileType = text.plist.xml; path = "Service-Info.plist"; sourceTree = "<group>"; };
		14826C9D2924D06000087151 /* GoogleService-Info.plist */ = {isa = PBXFileReference; fileEncoding = 4; lastKnownFileType = text.plist.xml; path = "GoogleService-Info.plist"; sourceTree = "<group>"; };
		B50A26B72925047700DF3E1F /* Colors.xcassets */ = {isa = PBXFileReference; lastKnownFileType = folder.assetcatalog; path = Colors.xcassets; sourceTree = "<group>"; };
		B50A26C42925112000DF3E1F /* swiftgen.yml */ = {isa = PBXFileReference; fileEncoding = 4; lastKnownFileType = text.yaml; path = swiftgen.yml; sourceTree = "<group>"; };
		B50A26CD2925124800DF3E1F /* Fonts+Generated.swift */ = {isa = PBXFileReference; fileEncoding = 4; lastKnownFileType = sourcecode.swift; path = "Fonts+Generated.swift"; sourceTree = "<group>"; };
		B50A26CE2925124800DF3E1F /* Colors+Generated.swift */ = {isa = PBXFileReference; fileEncoding = 4; lastKnownFileType = sourcecode.swift; path = "Colors+Generated.swift"; sourceTree = "<group>"; };
		B50A26D12925129A00DF3E1F /* UIColor+ColorSet.swift */ = {isa = PBXFileReference; fileEncoding = 4; lastKnownFileType = sourcecode.swift; path = "UIColor+ColorSet.swift"; sourceTree = "<group>"; };
		B50A26D32925131500DF3E1F /* UIFont+FontSet.swift */ = {isa = PBXFileReference; lastKnownFileType = sourcecode.swift; path = "UIFont+FontSet.swift"; sourceTree = "<group>"; };
		B53EC9F729236FCE00B87A55 /* Eoljuga.app */ = {isa = PBXFileReference; explicitFileType = wrapper.application; includeInIndex = 0; name = Eoljuga.app; path = "/Users/youtak/Documents/study/boostcamp/eoljuga/Eoljuga/build/Debug-iphoneos/Eoljuga.app"; sourceTree = "<absolute>"; };
		B53EC9FA29236FCE00B87A55 /* AppDelegate.swift */ = {isa = PBXFileReference; lastKnownFileType = sourcecode.swift; path = AppDelegate.swift; sourceTree = "<group>"; };
		B53EC9FC29236FCE00B87A55 /* SceneDelegate.swift */ = {isa = PBXFileReference; lastKnownFileType = sourcecode.swift; path = SceneDelegate.swift; sourceTree = "<group>"; };
		B53ECA0329236FCF00B87A55 /* Assets.xcassets */ = {isa = PBXFileReference; lastKnownFileType = folder.assetcatalog; path = Assets.xcassets; sourceTree = "<group>"; };
		B53ECA0629236FCF00B87A55 /* Base */ = {isa = PBXFileReference; lastKnownFileType = file.storyboard; name = Base; path = Base.lproj/LaunchScreen.storyboard; sourceTree = "<group>"; };
		B53ECA0829236FCF00B87A55 /* Info.plist */ = {isa = PBXFileReference; lastKnownFileType = text.plist.xml; path = Info.plist; sourceTree = "<group>"; };
		B53ECA0D29236FCF00B87A55 /* EoljugaTests.xctest */ = {isa = PBXFileReference; explicitFileType = wrapper.cfbundle; includeInIndex = 0; name = EoljugaTests.xctest; path = "/Users/youtak/Documents/study/boostcamp/eoljuga/Eoljuga/build/Debug-iphoneos/EoljugaTests.xctest"; sourceTree = "<absolute>"; };
		B53ECA1129236FCF00B87A55 /* EoljugaTests.swift */ = {isa = PBXFileReference; lastKnownFileType = sourcecode.swift; path = EoljugaTests.swift; sourceTree = "<group>"; };
		B53ECA1729236FCF00B87A55 /* EoljugaUITests.xctest */ = {isa = PBXFileReference; explicitFileType = wrapper.cfbundle; includeInIndex = 0; name = EoljugaUITests.xctest; path = "/Users/youtak/Documents/study/boostcamp/eoljuga/Eoljuga/build/Debug-iphoneos/EoljugaUITests.xctest"; sourceTree = "<absolute>"; };
		B53ECA1B29236FCF00B87A55 /* EoljugaUITests.swift */ = {isa = PBXFileReference; lastKnownFileType = sourcecode.swift; path = EoljugaUITests.swift; sourceTree = "<group>"; };
		B53ECA1D29236FCF00B87A55 /* EoljugaUITestsLaunchTests.swift */ = {isa = PBXFileReference; lastKnownFileType = sourcecode.swift; path = EoljugaUITestsLaunchTests.swift; sourceTree = "<group>"; };
		B53ECA2A2923704600B87A55 /* .swiftlint.auto.yml */ = {isa = PBXFileReference; fileEncoding = 4; lastKnownFileType = text.yaml; path = .swiftlint.auto.yml; sourceTree = "<group>"; };
		B53ECA2B2923704700B87A55 /* .swiftlint.yml */ = {isa = PBXFileReference; fileEncoding = 4; lastKnownFileType = text.yaml; path = .swiftlint.yml; sourceTree = "<group>"; };
		D85FB6DB2924EB94006ED875 /* NanumSquareEB.otf */ = {isa = PBXFileReference; lastKnownFileType = file; path = NanumSquareEB.otf; sourceTree = "<group>"; };
		D85FB6DC2924EB94006ED875 /* NanumSquareR.otf */ = {isa = PBXFileReference; lastKnownFileType = file; path = NanumSquareR.otf; sourceTree = "<group>"; };
		D85FB6DD2924EB94006ED875 /* NanumSquareB.otf */ = {isa = PBXFileReference; lastKnownFileType = file; path = NanumSquareB.otf; sourceTree = "<group>"; };
/* End PBXFileReference section */

/* Begin PBXFrameworksBuildPhase section */
		B53EC9F429236FCE00B87A55 /* Frameworks */ = {
			isa = PBXFrameworksBuildPhase;
			buildActionMask = 2147483647;
			files = (
				B53ECA3D2923736400B87A55 /* FirebaseMessaging in Frameworks */,
				B53ECA312923727100B87A55 /* SnapKit in Frameworks */,
				B50A26B12924E5FB00DF3E1F /* FirebaseAnalytics in Frameworks */,
				B53ECA392923736400B87A55 /* FirebaseFirestore in Frameworks */,
				B53ECA3B2923736400B87A55 /* FirebaseFunctions in Frameworks */,
				B53ECA3F2923736400B87A55 /* FirebaseStorage in Frameworks */,
				B53ECA372923736400B87A55 /* FirebaseAuth in Frameworks */,
				B53ECA342923729700B87A55 /* Then in Frameworks */,
			);
			runOnlyForDeploymentPostprocessing = 0;
		};
		B53ECA0A29236FCF00B87A55 /* Frameworks */ = {
			isa = PBXFrameworksBuildPhase;
			buildActionMask = 2147483647;
			files = (
			);
			runOnlyForDeploymentPostprocessing = 0;
		};
		B53ECA1429236FCF00B87A55 /* Frameworks */ = {
			isa = PBXFrameworksBuildPhase;
			buildActionMask = 2147483647;
			files = (
			);
			runOnlyForDeploymentPostprocessing = 0;
		};
/* End PBXFrameworksBuildPhase section */

/* Begin PBXGroup section */
		141BC26F2925C468003C415B /* Protocol */ = {
			isa = PBXGroup;
			children = (
				141BC2702925C499003C415B /* ReusableView.swift */,
			);
			path = Protocol;
			sourceTree = "<group>";
		};
		14826C222923844100087151 /* Coordinator */ = {
			isa = PBXGroup;
			children = (
				14826C2B2923A4C200087151 /* AppCoordinator.swift */,
				14826C292923A20D00087151 /* AuthCoordinator.swift */,
				14826C272923869D00087151 /* TabBarCoordinator.swift */,
				14826C8C2924AC8B00087151 /* TabBarPage.swift */,
				14826C962924CEAC00087151 /* Coordinator.swift */,
				14826C982924CEB600087151 /* CoordinatorEvent.swift */,
				14826C9A2924CECF00087151 /* CoordinatorPublisher.swift */,
			);
			path = Coordinator;
			sourceTree = "<group>";
		};
		14826C252923846500087151 /* Auth */ = {
			isa = PBXGroup;
			children = (
				14826C362923B49100087151 /* LoginViewController.swift */,
			);
			path = Auth;
			sourceTree = "<group>";
		};
		14826C262923846900087151 /* Home */ = {
			isa = PBXGroup;
			children = (
				14826C302923AA7300087151 /* HomeViewController.swift */,
				14665BBE292500C100BC3F7D /* DefaultFeedCell.swift */,
			);
			path = Home;
			sourceTree = "<group>";
		};
		14826C2D2923AA5600087151 /* Tab */ = {
			isa = PBXGroup;
			children = (
				14826C262923846900087151 /* Home */,
				14826C2E2923AA5F00087151 /* Bookmark */,
				14826C2F2923AA6500087151 /* MyPage */,
			);
			path = Tab;
			sourceTree = "<group>";
		};
		14826C2E2923AA5F00087151 /* Bookmark */ = {
			isa = PBXGroup;
			children = (
				14826C322923AACB00087151 /* BookmarkViewController.swift */,
			);
			path = Bookmark;
			sourceTree = "<group>";
		};
		14826C2F2923AA6500087151 /* MyPage */ = {
			isa = PBXGroup;
			children = (
				14826C342923AB0300087151 /* MyPageViewController.swift */,
			);
			path = MyPage;
			sourceTree = "<group>";
		};
		B50A26442924B9D200DF3E1F /* App */ = {
			isa = PBXGroup;
			children = (
				B53EC9FA29236FCE00B87A55 /* AppDelegate.swift */,
				B53EC9FC29236FCE00B87A55 /* SceneDelegate.swift */,
				B53ECA0829236FCF00B87A55 /* Info.plist */,
				B53ECA0529236FCF00B87A55 /* LaunchScreen.storyboard */,
			);
			path = App;
			sourceTree = "<group>";
		};
		B50A26452924BA0700DF3E1F /* Scene */ = {
			isa = PBXGroup;
			children = (
				B50A264D2924C06E00DF3E1F /* Common */,
				14826C252923846500087151 /* Auth */,
				14826C2D2923AA5600087151 /* Tab */,
			);
			path = Scene;
			sourceTree = "<group>";
		};
		B50A26462924BA3100DF3E1F /* Resource */ = {
			isa = PBXGroup;
			children = (
				B50A26CC2925123600DF3E1F /* Generated */,
				D85FB6DA2924EB57006ED875 /* Font */,
				B53ECA0329236FCF00B87A55 /* Assets.xcassets */,
				B50A26B72925047700DF3E1F /* Colors.xcassets */,
			);
			path = Resource;
			sourceTree = "<group>";
		};
		B50A26472924BABE00DF3E1F /* Util */ = {
			isa = PBXGroup;
			children = (
				141BC26F2925C468003C415B /* Protocol */,
				B50A264A2924BD7600DF3E1F /* Constant */,
				B50A264B2924BD8C00DF3E1F /* Error */,
				B50A26492924BD6E00DF3E1F /* Extension */,
			);
			path = Util;
			sourceTree = "<group>";
		};
		B50A26482924BCF000DF3E1F /* Service */ = {
			isa = PBXGroup;
			children = (
			);
			path = Service;
			sourceTree = "<group>";
		};
		B50A26492924BD6E00DF3E1F /* Extension */ = {
			isa = PBXGroup;
			children = (
				141BC26B2925BDBA003C415B /* UINavigationController+navigationBar.swift */,
				141BC26D2925BEA3003C415B /* UICollectionViewCell+identifier.swift */,
				B50A26D12925129A00DF3E1F /* UIColor+ColorSet.swift */,
				B50A26D32925131500DF3E1F /* UIFont+FontSet.swift */,
			);
			path = Extension;
			sourceTree = "<group>";
		};
		B50A264A2924BD7600DF3E1F /* Constant */ = {
			isa = PBXGroup;
			children = (
			);
			path = Constant;
			sourceTree = "<group>";
		};
		B50A264B2924BD8C00DF3E1F /* Error */ = {
			isa = PBXGroup;
			children = (
			);
			path = Error;
			sourceTree = "<group>";
		};
		B50A264D2924C06E00DF3E1F /* Common */ = {
			isa = PBXGroup;
			children = (
				B50A264E2924C12300DF3E1F /* View */,
				B50A264F2924C12800DF3E1F /* ViewModel */,
			);
			path = Common;
			sourceTree = "<group>";
		};
		B50A264E2924C12300DF3E1F /* View */ = {
			isa = PBXGroup;
			children = (
			);
			path = View;
			sourceTree = "<group>";
		};
		B50A264F2924C12800DF3E1F /* ViewModel */ = {
			isa = PBXGroup;
			children = (
			);
			path = ViewModel;
			sourceTree = "<group>";
		};
		B50A26502924C1D200DF3E1F /* Model */ = {
			isa = PBXGroup;
			children = (
			);
			path = Model;
			sourceTree = "<group>";
		};
		B50A26CC2925123600DF3E1F /* Generated */ = {
			isa = PBXGroup;
			children = (
				B50A26CE2925124800DF3E1F /* Colors+Generated.swift */,
				B50A26CD2925124800DF3E1F /* Fonts+Generated.swift */,
			);
			path = Generated;
			sourceTree = "<group>";
		};
		B53EC9EE29236FCE00B87A55 = {
			isa = PBXGroup;
			children = (
				14826C9D2924D06000087151 /* GoogleService-Info.plist */,
				14826C9C2924D06000087151 /* Service-Info.plist */,
				B53ECA2A2923704600B87A55 /* .swiftlint.auto.yml */,
				B53ECA2B2923704700B87A55 /* .swiftlint.yml */,
				B50A26C42925112000DF3E1F /* swiftgen.yml */,
				B53EC9F929236FCE00B87A55 /* Eoljuga */,
				B53ECA1029236FCF00B87A55 /* EoljugaTests */,
				B53ECA1A29236FCF00B87A55 /* EoljugaUITests */,
			);
			sourceTree = "<group>";
		};
		B53EC9F929236FCE00B87A55 /* Eoljuga */ = {
			isa = PBXGroup;
			children = (
				B50A26442924B9D200DF3E1F /* App */,
				B50A26482924BCF000DF3E1F /* Service */,
				B50A26452924BA0700DF3E1F /* Scene */,
				14826C222923844100087151 /* Coordinator */,
				B50A26502924C1D200DF3E1F /* Model */,
				B50A26462924BA3100DF3E1F /* Resource */,
				B50A26472924BABE00DF3E1F /* Util */,
			);
			path = Eoljuga;
			sourceTree = "<group>";
		};
		B53ECA1029236FCF00B87A55 /* EoljugaTests */ = {
			isa = PBXGroup;
			children = (
				B53ECA1129236FCF00B87A55 /* EoljugaTests.swift */,
			);
			path = EoljugaTests;
			sourceTree = "<group>";
		};
		B53ECA1A29236FCF00B87A55 /* EoljugaUITests */ = {
			isa = PBXGroup;
			children = (
				B53ECA1B29236FCF00B87A55 /* EoljugaUITests.swift */,
				B53ECA1D29236FCF00B87A55 /* EoljugaUITestsLaunchTests.swift */,
			);
			path = EoljugaUITests;
			sourceTree = "<group>";
		};
		D85FB6DA2924EB57006ED875 /* Font */ = {
			isa = PBXGroup;
			children = (
				D85FB6DD2924EB94006ED875 /* NanumSquareB.otf */,
				D85FB6DB2924EB94006ED875 /* NanumSquareEB.otf */,
				D85FB6DC2924EB94006ED875 /* NanumSquareR.otf */,
			);
			path = Font;
			sourceTree = "<group>";
		};
/* End PBXGroup section */

/* Begin PBXNativeTarget section */
		B53EC9F629236FCE00B87A55 /* Eoljuga */ = {
			isa = PBXNativeTarget;
			buildConfigurationList = B53ECA2129236FCF00B87A55 /* Build configuration list for PBXNativeTarget "Eoljuga" */;
			buildPhases = (
				B50A26C3292510FC00DF3E1F /* SwiftGen */,
				B53EC9F329236FCE00B87A55 /* Sources */,
				B53EC9F429236FCE00B87A55 /* Frameworks */,
				B53EC9F529236FCE00B87A55 /* Resources */,
				B53ECA2E2923704D00B87A55 /* SwiftLint */,
			);
			buildRules = (
			);
			dependencies = (
			);
			name = Eoljuga;
			packageProductDependencies = (
				B53ECA302923727100B87A55 /* SnapKit */,
				B53ECA332923729700B87A55 /* Then */,
				B53ECA362923736400B87A55 /* FirebaseAuth */,
				B53ECA382923736400B87A55 /* FirebaseFirestore */,
				B53ECA3A2923736400B87A55 /* FirebaseFunctions */,
				B53ECA3C2923736400B87A55 /* FirebaseMessaging */,
				B53ECA3E2923736400B87A55 /* FirebaseStorage */,
				B50A26B02924E5FB00DF3E1F /* FirebaseAnalytics */,
			);
			productName = Eoljuga;
			productReference = B53EC9F729236FCE00B87A55 /* Eoljuga.app */;
			productType = "com.apple.product-type.application";
		};
		B53ECA0C29236FCF00B87A55 /* EoljugaTests */ = {
			isa = PBXNativeTarget;
			buildConfigurationList = B53ECA2429236FCF00B87A55 /* Build configuration list for PBXNativeTarget "EoljugaTests" */;
			buildPhases = (
				B53ECA0929236FCF00B87A55 /* Sources */,
				B53ECA0A29236FCF00B87A55 /* Frameworks */,
				B53ECA0B29236FCF00B87A55 /* Resources */,
			);
			buildRules = (
			);
			dependencies = (
				B53ECA0F29236FCF00B87A55 /* PBXTargetDependency */,
			);
			name = EoljugaTests;
			productName = EoljugaTests;
			productReference = B53ECA0D29236FCF00B87A55 /* EoljugaTests.xctest */;
			productType = "com.apple.product-type.bundle.unit-test";
		};
		B53ECA1629236FCF00B87A55 /* EoljugaUITests */ = {
			isa = PBXNativeTarget;
			buildConfigurationList = B53ECA2729236FCF00B87A55 /* Build configuration list for PBXNativeTarget "EoljugaUITests" */;
			buildPhases = (
				B53ECA1329236FCF00B87A55 /* Sources */,
				B53ECA1429236FCF00B87A55 /* Frameworks */,
				B53ECA1529236FCF00B87A55 /* Resources */,
			);
			buildRules = (
			);
			dependencies = (
				B53ECA1929236FCF00B87A55 /* PBXTargetDependency */,
			);
			name = EoljugaUITests;
			productName = EoljugaUITests;
			productReference = B53ECA1729236FCF00B87A55 /* EoljugaUITests.xctest */;
			productType = "com.apple.product-type.bundle.ui-testing";
		};
/* End PBXNativeTarget section */

/* Begin PBXProject section */
		B53EC9EF29236FCE00B87A55 /* Project object */ = {
			isa = PBXProject;
			attributes = {
				BuildIndependentTargetsInParallel = 1;
				LastSwiftUpdateCheck = 1400;
				LastUpgradeCheck = 1400;
				TargetAttributes = {
					B53EC9F629236FCE00B87A55 = {
						CreatedOnToolsVersion = 14.0;
					};
					B53ECA0C29236FCF00B87A55 = {
						CreatedOnToolsVersion = 14.0;
						TestTargetID = B53EC9F629236FCE00B87A55;
					};
					B53ECA1629236FCF00B87A55 = {
						CreatedOnToolsVersion = 14.0;
						TestTargetID = B53EC9F629236FCE00B87A55;
					};
				};
			};
			buildConfigurationList = B53EC9F229236FCE00B87A55 /* Build configuration list for PBXProject "Eoljuga" */;
			compatibilityVersion = "Xcode 14.0";
			developmentRegion = en;
			hasScannedForEncodings = 0;
			knownRegions = (
				en,
				Base,
			);
			mainGroup = B53EC9EE29236FCE00B87A55;
			packageReferences = (
				B53ECA2F2923727100B87A55 /* XCRemoteSwiftPackageReference "SnapKit" */,
				B53ECA322923729700B87A55 /* XCRemoteSwiftPackageReference "Then" */,
				B53ECA352923736400B87A55 /* XCRemoteSwiftPackageReference "firebase-ios-sdk" */,
			);
			productRefGroup = B53EC9EE29236FCE00B87A55;
			projectDirPath = "";
			projectRoot = "";
			targets = (
				B53EC9F629236FCE00B87A55 /* Eoljuga */,
				B53ECA0C29236FCF00B87A55 /* EoljugaTests */,
				B53ECA1629236FCF00B87A55 /* EoljugaUITests */,
			);
		};
/* End PBXProject section */

/* Begin PBXResourcesBuildPhase section */
		B53EC9F529236FCE00B87A55 /* Resources */ = {
			isa = PBXResourcesBuildPhase;
			buildActionMask = 2147483647;
			files = (
				B53ECA2D2923704700B87A55 /* .swiftlint.yml in Resources */,
				B50A26B82925047700DF3E1F /* Colors.xcassets in Resources */,
				D85FB6DF2924EFCA006ED875 /* NanumSquareB.otf in Resources */,
				14826C9E2924D06000087151 /* Service-Info.plist in Resources */,
				B53ECA2C2923704700B87A55 /* .swiftlint.auto.yml in Resources */,
				B53ECA0729236FCF00B87A55 /* LaunchScreen.storyboard in Resources */,
				B53ECA0429236FCF00B87A55 /* Assets.xcassets in Resources */,
				D85FB6E02924EFCC006ED875 /* NanumSquareEB.otf in Resources */,
				B50A26C52925112000DF3E1F /* swiftgen.yml in Resources */,
				D85FB6E12924EFCE006ED875 /* NanumSquareR.otf in Resources */,
				14826C9F2924D06000087151 /* GoogleService-Info.plist in Resources */,
			);
			runOnlyForDeploymentPostprocessing = 0;
		};
		B53ECA0B29236FCF00B87A55 /* Resources */ = {
			isa = PBXResourcesBuildPhase;
			buildActionMask = 2147483647;
			files = (
			);
			runOnlyForDeploymentPostprocessing = 0;
		};
		B53ECA1529236FCF00B87A55 /* Resources */ = {
			isa = PBXResourcesBuildPhase;
			buildActionMask = 2147483647;
			files = (
			);
			runOnlyForDeploymentPostprocessing = 0;
		};
/* End PBXResourcesBuildPhase section */

/* Begin PBXShellScriptBuildPhase section */
		B50A26C3292510FC00DF3E1F /* SwiftGen */ = {
			isa = PBXShellScriptBuildPhase;
			alwaysOutOfDate = 1;
			buildActionMask = 2147483647;
			files = (
			);
			inputFileListPaths = (
			);
			inputPaths = (
			);
			name = SwiftGen;
			outputFileListPaths = (
			);
			outputPaths = (
			);
			runOnlyForDeploymentPostprocessing = 0;
			shellPath = /bin/sh;
			shellScript = "export PATH=\"$PATH:/opt/homebrew/bin\"\nif which swiftgen > /dev/null; then\n  swiftgen\nelse\n  echo \"warning: SwiftGen not installed, download from https://github.com/SwiftGen/SwiftGen\"\nfi\n";
		};
		B53ECA2E2923704D00B87A55 /* SwiftLint */ = {
			isa = PBXShellScriptBuildPhase;
			alwaysOutOfDate = 1;
			buildActionMask = 2147483647;
			files = (
			);
			inputFileListPaths = (
			);
			inputPaths = (
			);
			name = SwiftLint;
			outputFileListPaths = (
			);
			outputPaths = (
			);
			runOnlyForDeploymentPostprocessing = 0;
			shellPath = /bin/sh;
			shellScript = "export PATH=\"$PATH:/opt/homebrew/bin\"\nif which swiftlint > /dev/null; then\n  swiftlint --fix --config \".swiftlint.auto.yml\" && swiftlint\nelse\n  echo \"warning: SwiftLint not installed, download from https://github.com/realm/SwiftLint\"\nfi\n";
		};
/* End PBXShellScriptBuildPhase section */

/* Begin PBXSourcesBuildPhase section */
		B53EC9F329236FCE00B87A55 /* Sources */ = {
			isa = PBXSourcesBuildPhase;
			buildActionMask = 2147483647;
			files = (
				14826C8D2924AC8B00087151 /* TabBarPage.swift in Sources */,
				B50A26D42925131500DF3E1F /* UIFont+FontSet.swift in Sources */,
				14826C992924CEB600087151 /* CoordinatorEvent.swift in Sources */,
				141BC26C2925BDBA003C415B /* UINavigationController+navigationBar.swift in Sources */,
				14826C282923869D00087151 /* TabBarCoordinator.swift in Sources */,
				B50A26CF2925124800DF3E1F /* Fonts+Generated.swift in Sources */,
				14826C332923AACB00087151 /* BookmarkViewController.swift in Sources */,
				B50A26D22925129A00DF3E1F /* UIColor+ColorSet.swift in Sources */,
				14826C9B2924CECF00087151 /* CoordinatorPublisher.swift in Sources */,
				141BC26E2925BEA3003C415B /* UICollectionViewCell+identifier.swift in Sources */,
				14826C312923AA7300087151 /* HomeViewController.swift in Sources */,
				14826C352923AB0300087151 /* MyPageViewController.swift in Sources */,
				141BC2712925C499003C415B /* ReusableView.swift in Sources */,
				B53EC9FB29236FCE00B87A55 /* AppDelegate.swift in Sources */,
				14826C2A2923A20D00087151 /* AuthCoordinator.swift in Sources */,
				14826C972924CEAC00087151 /* Coordinator.swift in Sources */,
				B53EC9FD29236FCE00B87A55 /* SceneDelegate.swift in Sources */,
				B50A26D02925124800DF3E1F /* Colors+Generated.swift in Sources */,
				14826C2C2923A4C200087151 /* AppCoordinator.swift in Sources */,
				14826C372923B49100087151 /* LoginViewController.swift in Sources */,
				14665BBF292500C100BC3F7D /* DefaultFeedCell.swift in Sources */,
			);
			runOnlyForDeploymentPostprocessing = 0;
		};
		B53ECA0929236FCF00B87A55 /* Sources */ = {
			isa = PBXSourcesBuildPhase;
			buildActionMask = 2147483647;
			files = (
				B53ECA1229236FCF00B87A55 /* EoljugaTests.swift in Sources */,
			);
			runOnlyForDeploymentPostprocessing = 0;
		};
		B53ECA1329236FCF00B87A55 /* Sources */ = {
			isa = PBXSourcesBuildPhase;
			buildActionMask = 2147483647;
			files = (
				B53ECA1E29236FCF00B87A55 /* EoljugaUITestsLaunchTests.swift in Sources */,
				B53ECA1C29236FCF00B87A55 /* EoljugaUITests.swift in Sources */,
			);
			runOnlyForDeploymentPostprocessing = 0;
		};
/* End PBXSourcesBuildPhase section */

/* Begin PBXTargetDependency section */
		B53ECA0F29236FCF00B87A55 /* PBXTargetDependency */ = {
			isa = PBXTargetDependency;
			target = B53EC9F629236FCE00B87A55 /* Eoljuga */;
			targetProxy = B53ECA0E29236FCF00B87A55 /* PBXContainerItemProxy */;
		};
		B53ECA1929236FCF00B87A55 /* PBXTargetDependency */ = {
			isa = PBXTargetDependency;
			target = B53EC9F629236FCE00B87A55 /* Eoljuga */;
			targetProxy = B53ECA1829236FCF00B87A55 /* PBXContainerItemProxy */;
		};
/* End PBXTargetDependency section */

/* Begin PBXVariantGroup section */
		B53ECA0529236FCF00B87A55 /* LaunchScreen.storyboard */ = {
			isa = PBXVariantGroup;
			children = (
				B53ECA0629236FCF00B87A55 /* Base */,
			);
			name = LaunchScreen.storyboard;
			sourceTree = "<group>";
		};
/* End PBXVariantGroup section */

/* Begin XCBuildConfiguration section */
		B53ECA1F29236FCF00B87A55 /* Debug */ = {
			isa = XCBuildConfiguration;
			buildSettings = {
				ALWAYS_SEARCH_USER_PATHS = NO;
				CLANG_ANALYZER_NONNULL = YES;
				CLANG_ANALYZER_NUMBER_OBJECT_CONVERSION = YES_AGGRESSIVE;
				CLANG_CXX_LANGUAGE_STANDARD = "gnu++20";
				CLANG_ENABLE_MODULES = YES;
				CLANG_ENABLE_OBJC_ARC = YES;
				CLANG_ENABLE_OBJC_WEAK = YES;
				CLANG_WARN_BLOCK_CAPTURE_AUTORELEASING = YES;
				CLANG_WARN_BOOL_CONVERSION = YES;
				CLANG_WARN_COMMA = YES;
				CLANG_WARN_CONSTANT_CONVERSION = YES;
				CLANG_WARN_DEPRECATED_OBJC_IMPLEMENTATIONS = YES;
				CLANG_WARN_DIRECT_OBJC_ISA_USAGE = YES_ERROR;
				CLANG_WARN_DOCUMENTATION_COMMENTS = YES;
				CLANG_WARN_EMPTY_BODY = YES;
				CLANG_WARN_ENUM_CONVERSION = YES;
				CLANG_WARN_INFINITE_RECURSION = YES;
				CLANG_WARN_INT_CONVERSION = YES;
				CLANG_WARN_NON_LITERAL_NULL_CONVERSION = YES;
				CLANG_WARN_OBJC_IMPLICIT_RETAIN_SELF = YES;
				CLANG_WARN_OBJC_LITERAL_CONVERSION = YES;
				CLANG_WARN_OBJC_ROOT_CLASS = YES_ERROR;
				CLANG_WARN_QUOTED_INCLUDE_IN_FRAMEWORK_HEADER = YES;
				CLANG_WARN_RANGE_LOOP_ANALYSIS = YES;
				CLANG_WARN_STRICT_PROTOTYPES = YES;
				CLANG_WARN_SUSPICIOUS_MOVE = YES;
				CLANG_WARN_UNGUARDED_AVAILABILITY = YES_AGGRESSIVE;
				CLANG_WARN_UNREACHABLE_CODE = YES;
				CLANG_WARN__DUPLICATE_METHOD_MATCH = YES;
				COPY_PHASE_STRIP = NO;
				DEBUG_INFORMATION_FORMAT = dwarf;
				ENABLE_STRICT_OBJC_MSGSEND = YES;
				ENABLE_TESTABILITY = YES;
				GCC_C_LANGUAGE_STANDARD = gnu11;
				GCC_DYNAMIC_NO_PIC = NO;
				GCC_NO_COMMON_BLOCKS = YES;
				GCC_OPTIMIZATION_LEVEL = 0;
				GCC_PREPROCESSOR_DEFINITIONS = (
					"DEBUG=1",
					"$(inherited)",
				);
				GCC_WARN_64_TO_32_BIT_CONVERSION = YES;
				GCC_WARN_ABOUT_RETURN_TYPE = YES_ERROR;
				GCC_WARN_UNDECLARED_SELECTOR = YES;
				GCC_WARN_UNINITIALIZED_AUTOS = YES_AGGRESSIVE;
				GCC_WARN_UNUSED_FUNCTION = YES;
				GCC_WARN_UNUSED_VARIABLE = YES;
				IPHONEOS_DEPLOYMENT_TARGET = 14.0;
				MTL_ENABLE_DEBUG_INFO = INCLUDE_SOURCE;
				MTL_FAST_MATH = YES;
				ONLY_ACTIVE_ARCH = YES;
				SDKROOT = iphoneos;
				SWIFT_ACTIVE_COMPILATION_CONDITIONS = DEBUG;
				SWIFT_OPTIMIZATION_LEVEL = "-Onone";
			};
			name = Debug;
		};
		B53ECA2029236FCF00B87A55 /* Release */ = {
			isa = XCBuildConfiguration;
			buildSettings = {
				ALWAYS_SEARCH_USER_PATHS = NO;
				CLANG_ANALYZER_NONNULL = YES;
				CLANG_ANALYZER_NUMBER_OBJECT_CONVERSION = YES_AGGRESSIVE;
				CLANG_CXX_LANGUAGE_STANDARD = "gnu++20";
				CLANG_ENABLE_MODULES = YES;
				CLANG_ENABLE_OBJC_ARC = YES;
				CLANG_ENABLE_OBJC_WEAK = YES;
				CLANG_WARN_BLOCK_CAPTURE_AUTORELEASING = YES;
				CLANG_WARN_BOOL_CONVERSION = YES;
				CLANG_WARN_COMMA = YES;
				CLANG_WARN_CONSTANT_CONVERSION = YES;
				CLANG_WARN_DEPRECATED_OBJC_IMPLEMENTATIONS = YES;
				CLANG_WARN_DIRECT_OBJC_ISA_USAGE = YES_ERROR;
				CLANG_WARN_DOCUMENTATION_COMMENTS = YES;
				CLANG_WARN_EMPTY_BODY = YES;
				CLANG_WARN_ENUM_CONVERSION = YES;
				CLANG_WARN_INFINITE_RECURSION = YES;
				CLANG_WARN_INT_CONVERSION = YES;
				CLANG_WARN_NON_LITERAL_NULL_CONVERSION = YES;
				CLANG_WARN_OBJC_IMPLICIT_RETAIN_SELF = YES;
				CLANG_WARN_OBJC_LITERAL_CONVERSION = YES;
				CLANG_WARN_OBJC_ROOT_CLASS = YES_ERROR;
				CLANG_WARN_QUOTED_INCLUDE_IN_FRAMEWORK_HEADER = YES;
				CLANG_WARN_RANGE_LOOP_ANALYSIS = YES;
				CLANG_WARN_STRICT_PROTOTYPES = YES;
				CLANG_WARN_SUSPICIOUS_MOVE = YES;
				CLANG_WARN_UNGUARDED_AVAILABILITY = YES_AGGRESSIVE;
				CLANG_WARN_UNREACHABLE_CODE = YES;
				CLANG_WARN__DUPLICATE_METHOD_MATCH = YES;
				COPY_PHASE_STRIP = NO;
				DEBUG_INFORMATION_FORMAT = "dwarf-with-dsym";
				ENABLE_NS_ASSERTIONS = NO;
				ENABLE_STRICT_OBJC_MSGSEND = YES;
				GCC_C_LANGUAGE_STANDARD = gnu11;
				GCC_NO_COMMON_BLOCKS = YES;
				GCC_WARN_64_TO_32_BIT_CONVERSION = YES;
				GCC_WARN_ABOUT_RETURN_TYPE = YES_ERROR;
				GCC_WARN_UNDECLARED_SELECTOR = YES;
				GCC_WARN_UNINITIALIZED_AUTOS = YES_AGGRESSIVE;
				GCC_WARN_UNUSED_FUNCTION = YES;
				GCC_WARN_UNUSED_VARIABLE = YES;
				IPHONEOS_DEPLOYMENT_TARGET = 14.0;
				MTL_ENABLE_DEBUG_INFO = NO;
				MTL_FAST_MATH = YES;
				SDKROOT = iphoneos;
				SWIFT_COMPILATION_MODE = wholemodule;
				SWIFT_OPTIMIZATION_LEVEL = "-O";
				VALIDATE_PRODUCT = YES;
			};
			name = Release;
		};
		B53ECA2229236FCF00B87A55 /* Debug */ = {
			isa = XCBuildConfiguration;
			buildSettings = {
				ASSETCATALOG_COMPILER_APPICON_NAME = AppIcon;
				ASSETCATALOG_COMPILER_GLOBAL_ACCENT_COLOR_NAME = AccentColor;
				CODE_SIGN_STYLE = Automatic;
				CURRENT_PROJECT_VERSION = 1;
				GENERATE_INFOPLIST_FILE = YES;
				INFOPLIST_FILE = Eoljuga/App/Info.plist;
				INFOPLIST_KEY_UIApplicationSupportsIndirectInputEvents = YES;
				INFOPLIST_KEY_UILaunchStoryboardName = LaunchScreen;
				INFOPLIST_KEY_UISupportedInterfaceOrientations_iPad = "UIInterfaceOrientationPortrait UIInterfaceOrientationPortraitUpsideDown UIInterfaceOrientationLandscapeLeft UIInterfaceOrientationLandscapeRight";
				INFOPLIST_KEY_UISupportedInterfaceOrientations_iPhone = "UIInterfaceOrientationPortrait UIInterfaceOrientationLandscapeLeft UIInterfaceOrientationLandscapeRight";
				IPHONEOS_DEPLOYMENT_TARGET = 14.0;
				LD_RUNPATH_SEARCH_PATHS = (
					"$(inherited)",
					"@executable_path/Frameworks",
				);
				MARKETING_VERSION = 1.0;
				PRODUCT_BUNDLE_IDENTIFIER = com.boostcamp.Eoljuga;
				PRODUCT_NAME = "$(TARGET_NAME)";
				SUPPORTED_PLATFORMS = "iphoneos iphonesimulator";
				SUPPORTS_MACCATALYST = NO;
				SUPPORTS_MAC_DESIGNED_FOR_IPHONE_IPAD = NO;
				SWIFT_EMIT_LOC_STRINGS = YES;
				SWIFT_VERSION = 5.0;
				TARGETED_DEVICE_FAMILY = 1;
			};
			name = Debug;
		};
		B53ECA2329236FCF00B87A55 /* Release */ = {
			isa = XCBuildConfiguration;
			buildSettings = {
				ASSETCATALOG_COMPILER_APPICON_NAME = AppIcon;
				ASSETCATALOG_COMPILER_GLOBAL_ACCENT_COLOR_NAME = AccentColor;
				CODE_SIGN_STYLE = Automatic;
				CURRENT_PROJECT_VERSION = 1;
				GENERATE_INFOPLIST_FILE = YES;
				INFOPLIST_FILE = Eoljuga/App/Info.plist;
				INFOPLIST_KEY_UIApplicationSupportsIndirectInputEvents = YES;
				INFOPLIST_KEY_UILaunchStoryboardName = LaunchScreen;
				INFOPLIST_KEY_UISupportedInterfaceOrientations_iPad = "UIInterfaceOrientationPortrait UIInterfaceOrientationPortraitUpsideDown UIInterfaceOrientationLandscapeLeft UIInterfaceOrientationLandscapeRight";
				INFOPLIST_KEY_UISupportedInterfaceOrientations_iPhone = "UIInterfaceOrientationPortrait UIInterfaceOrientationLandscapeLeft UIInterfaceOrientationLandscapeRight";
				IPHONEOS_DEPLOYMENT_TARGET = 14.0;
				LD_RUNPATH_SEARCH_PATHS = (
					"$(inherited)",
					"@executable_path/Frameworks",
				);
				MARKETING_VERSION = 1.0;
				PRODUCT_BUNDLE_IDENTIFIER = com.boostcamp.Eoljuga;
				PRODUCT_NAME = "$(TARGET_NAME)";
				SUPPORTED_PLATFORMS = "iphoneos iphonesimulator";
				SUPPORTS_MACCATALYST = NO;
				SUPPORTS_MAC_DESIGNED_FOR_IPHONE_IPAD = NO;
				SWIFT_EMIT_LOC_STRINGS = YES;
				SWIFT_VERSION = 5.0;
				TARGETED_DEVICE_FAMILY = 1;
			};
			name = Release;
		};
		B53ECA2529236FCF00B87A55 /* Debug */ = {
			isa = XCBuildConfiguration;
			buildSettings = {
				ALWAYS_EMBED_SWIFT_STANDARD_LIBRARIES = YES;
				BUNDLE_LOADER = "$(TEST_HOST)";
				CODE_SIGN_STYLE = Automatic;
				CURRENT_PROJECT_VERSION = 1;
				GENERATE_INFOPLIST_FILE = YES;
				IPHONEOS_DEPLOYMENT_TARGET = 16.0;
				MARKETING_VERSION = 1.0;
				PRODUCT_BUNDLE_IDENTIFIER = com.booscamp.EoljugaTests;
				PRODUCT_NAME = "$(TARGET_NAME)";
				SWIFT_EMIT_LOC_STRINGS = NO;
				SWIFT_VERSION = 5.0;
				TARGETED_DEVICE_FAMILY = "1,2";
				TEST_HOST = "$(BUILT_PRODUCTS_DIR)/Eoljuga.app/$(BUNDLE_EXECUTABLE_FOLDER_PATH)/Eoljuga";
			};
			name = Debug;
		};
		B53ECA2629236FCF00B87A55 /* Release */ = {
			isa = XCBuildConfiguration;
			buildSettings = {
				ALWAYS_EMBED_SWIFT_STANDARD_LIBRARIES = YES;
				BUNDLE_LOADER = "$(TEST_HOST)";
				CODE_SIGN_STYLE = Automatic;
				CURRENT_PROJECT_VERSION = 1;
				GENERATE_INFOPLIST_FILE = YES;
				IPHONEOS_DEPLOYMENT_TARGET = 16.0;
				MARKETING_VERSION = 1.0;
				PRODUCT_BUNDLE_IDENTIFIER = com.booscamp.EoljugaTests;
				PRODUCT_NAME = "$(TARGET_NAME)";
				SWIFT_EMIT_LOC_STRINGS = NO;
				SWIFT_VERSION = 5.0;
				TARGETED_DEVICE_FAMILY = "1,2";
				TEST_HOST = "$(BUILT_PRODUCTS_DIR)/Eoljuga.app/$(BUNDLE_EXECUTABLE_FOLDER_PATH)/Eoljuga";
			};
			name = Release;
		};
		B53ECA2829236FCF00B87A55 /* Debug */ = {
			isa = XCBuildConfiguration;
			buildSettings = {
				ALWAYS_EMBED_SWIFT_STANDARD_LIBRARIES = YES;
				CODE_SIGN_STYLE = Automatic;
				CURRENT_PROJECT_VERSION = 1;
				GENERATE_INFOPLIST_FILE = YES;
				MARKETING_VERSION = 1.0;
				PRODUCT_BUNDLE_IDENTIFIER = com.booscamp.EoljugaUITests;
				PRODUCT_NAME = "$(TARGET_NAME)";
				SWIFT_EMIT_LOC_STRINGS = NO;
				SWIFT_VERSION = 5.0;
				TARGETED_DEVICE_FAMILY = "1,2";
				TEST_TARGET_NAME = Eoljuga;
			};
			name = Debug;
		};
		B53ECA2929236FCF00B87A55 /* Release */ = {
			isa = XCBuildConfiguration;
			buildSettings = {
				ALWAYS_EMBED_SWIFT_STANDARD_LIBRARIES = YES;
				CODE_SIGN_STYLE = Automatic;
				CURRENT_PROJECT_VERSION = 1;
				GENERATE_INFOPLIST_FILE = YES;
				MARKETING_VERSION = 1.0;
				PRODUCT_BUNDLE_IDENTIFIER = com.booscamp.EoljugaUITests;
				PRODUCT_NAME = "$(TARGET_NAME)";
				SWIFT_EMIT_LOC_STRINGS = NO;
				SWIFT_VERSION = 5.0;
				TARGETED_DEVICE_FAMILY = "1,2";
				TEST_TARGET_NAME = Eoljuga;
			};
			name = Release;
		};
/* End XCBuildConfiguration section */

/* Begin XCConfigurationList section */
		B53EC9F229236FCE00B87A55 /* Build configuration list for PBXProject "Eoljuga" */ = {
			isa = XCConfigurationList;
			buildConfigurations = (
				B53ECA1F29236FCF00B87A55 /* Debug */,
				B53ECA2029236FCF00B87A55 /* Release */,
			);
			defaultConfigurationIsVisible = 0;
			defaultConfigurationName = Release;
		};
		B53ECA2129236FCF00B87A55 /* Build configuration list for PBXNativeTarget "Eoljuga" */ = {
			isa = XCConfigurationList;
			buildConfigurations = (
				B53ECA2229236FCF00B87A55 /* Debug */,
				B53ECA2329236FCF00B87A55 /* Release */,
			);
			defaultConfigurationIsVisible = 0;
			defaultConfigurationName = Release;
		};
		B53ECA2429236FCF00B87A55 /* Build configuration list for PBXNativeTarget "EoljugaTests" */ = {
			isa = XCConfigurationList;
			buildConfigurations = (
				B53ECA2529236FCF00B87A55 /* Debug */,
				B53ECA2629236FCF00B87A55 /* Release */,
			);
			defaultConfigurationIsVisible = 0;
			defaultConfigurationName = Release;
		};
		B53ECA2729236FCF00B87A55 /* Build configuration list for PBXNativeTarget "EoljugaUITests" */ = {
			isa = XCConfigurationList;
			buildConfigurations = (
				B53ECA2829236FCF00B87A55 /* Debug */,
				B53ECA2929236FCF00B87A55 /* Release */,
			);
			defaultConfigurationIsVisible = 0;
			defaultConfigurationName = Release;
		};
/* End XCConfigurationList section */

/* Begin XCRemoteSwiftPackageReference section */
		B53ECA2F2923727100B87A55 /* XCRemoteSwiftPackageReference "SnapKit" */ = {
			isa = XCRemoteSwiftPackageReference;
			repositoryURL = "https://github.com/SnapKit/SnapKit.git";
			requirement = {
				kind = exactVersion;
				version = 5.6.0;
			};
		};
		B53ECA322923729700B87A55 /* XCRemoteSwiftPackageReference "Then" */ = {
			isa = XCRemoteSwiftPackageReference;
			repositoryURL = "https://github.com/devxoul/Then.git";
			requirement = {
				kind = exactVersion;
				version = 3.0.0;
			};
		};
		B53ECA352923736400B87A55 /* XCRemoteSwiftPackageReference "firebase-ios-sdk" */ = {
			isa = XCRemoteSwiftPackageReference;
			repositoryURL = "https://github.com/firebase/firebase-ios-sdk.git";
			requirement = {
				kind = exactVersion;
				version = 10.2.0;
			};
		};
/* End XCRemoteSwiftPackageReference section */

/* Begin XCSwiftPackageProductDependency section */
		B50A26B02924E5FB00DF3E1F /* FirebaseAnalytics */ = {
			isa = XCSwiftPackageProductDependency;
			package = B53ECA352923736400B87A55 /* XCRemoteSwiftPackageReference "firebase-ios-sdk" */;
			productName = FirebaseAnalytics;
		};
		B53ECA302923727100B87A55 /* SnapKit */ = {
			isa = XCSwiftPackageProductDependency;
			package = B53ECA2F2923727100B87A55 /* XCRemoteSwiftPackageReference "SnapKit" */;
			productName = SnapKit;
		};
		B53ECA332923729700B87A55 /* Then */ = {
			isa = XCSwiftPackageProductDependency;
			package = B53ECA322923729700B87A55 /* XCRemoteSwiftPackageReference "Then" */;
			productName = Then;
		};
		B53ECA362923736400B87A55 /* FirebaseAuth */ = {
			isa = XCSwiftPackageProductDependency;
			package = B53ECA352923736400B87A55 /* XCRemoteSwiftPackageReference "firebase-ios-sdk" */;
			productName = FirebaseAuth;
		};
		B53ECA382923736400B87A55 /* FirebaseFirestore */ = {
			isa = XCSwiftPackageProductDependency;
			package = B53ECA352923736400B87A55 /* XCRemoteSwiftPackageReference "firebase-ios-sdk" */;
			productName = FirebaseFirestore;
		};
		B53ECA3A2923736400B87A55 /* FirebaseFunctions */ = {
			isa = XCSwiftPackageProductDependency;
			package = B53ECA352923736400B87A55 /* XCRemoteSwiftPackageReference "firebase-ios-sdk" */;
			productName = FirebaseFunctions;
		};
		B53ECA3C2923736400B87A55 /* FirebaseMessaging */ = {
			isa = XCSwiftPackageProductDependency;
			package = B53ECA352923736400B87A55 /* XCRemoteSwiftPackageReference "firebase-ios-sdk" */;
			productName = FirebaseMessaging;
		};
		B53ECA3E2923736400B87A55 /* FirebaseStorage */ = {
			isa = XCSwiftPackageProductDependency;
			package = B53ECA352923736400B87A55 /* XCRemoteSwiftPackageReference "firebase-ios-sdk" */;
			productName = FirebaseStorage;
		};
/* End XCSwiftPackageProductDependency section */
	};
	rootObject = B53EC9EF29236FCE00B87A55 /* Project object */;
}
