// !$*UTF8*$!
{
	archiveVersion = 1;
	classes = {
	};
	objectVersion = 56;
	objects = {

/* Begin PBXBuildFile section */
		B535512329407FAF00EAEB38 /* BCResource.h in Headers */ = {isa = PBXBuildFile; fileRef = B535512229407FAF00EAEB38 /* BCResource.h */; settings = {ATTRIBUTES = (Public, ); }; };
		B535512A2940801300EAEB38 /* swiftgen.yml in Resources */ = {isa = PBXBuildFile; fileRef = B53551292940801300EAEB38 /* swiftgen.yml */; };
		B53551332940801D00EAEB38 /* Image.xcassets in Resources */ = {isa = PBXBuildFile; fileRef = B535512D2940801D00EAEB38 /* Image.xcassets */; };
		B53551342940801D00EAEB38 /* Color.xcassets in Resources */ = {isa = PBXBuildFile; fileRef = B535512E2940801D00EAEB38 /* Color.xcassets */; };
		B53551352940801D00EAEB38 /* NanumSquareEB.otf in Resources */ = {isa = PBXBuildFile; fileRef = B53551302940801D00EAEB38 /* NanumSquareEB.otf */; };
		B53551362940801D00EAEB38 /* NanumSquareR.otf in Resources */ = {isa = PBXBuildFile; fileRef = B53551312940801D00EAEB38 /* NanumSquareR.otf */; };
		B53551372940801D00EAEB38 /* NanumSquareB.otf in Resources */ = {isa = PBXBuildFile; fileRef = B53551322940801D00EAEB38 /* NanumSquareB.otf */; };
		B535513B2940805700EAEB38 /* Assets+Generated.swift in Sources */ = {isa = PBXBuildFile; fileRef = B53551392940805700EAEB38 /* Assets+Generated.swift */; };
		B535513C2940805800EAEB38 /* Fonts+Generated.swift in Sources */ = {isa = PBXBuildFile; fileRef = B535513A2940805700EAEB38 /* Fonts+Generated.swift */; };
		B535513E2940808B00EAEB38 /* ColorSet.swift in Sources */ = {isa = PBXBuildFile; fileRef = B535513D2940808B00EAEB38 /* ColorSet.swift */; };
		B5355140294080F400EAEB38 /* FontSet.swift in Sources */ = {isa = PBXBuildFile; fileRef = B535513F294080F400EAEB38 /* FontSet.swift */; };
		B53551422940814400EAEB38 /* ImageSet.swift in Sources */ = {isa = PBXBuildFile; fileRef = B53551412940814400EAEB38 /* ImageSet.swift */; };
/* End PBXBuildFile section */

/* Begin PBXFileReference section */
		B535511F29407FAF00EAEB38 /* BCResource.framework */ = {isa = PBXFileReference; explicitFileType = wrapper.framework; includeInIndex = 0; path = BCResource.framework; sourceTree = BUILT_PRODUCTS_DIR; };
		B535512229407FAF00EAEB38 /* BCResource.h */ = {isa = PBXFileReference; lastKnownFileType = sourcecode.c.h; path = BCResource.h; sourceTree = "<group>"; };
		B53551292940801300EAEB38 /* swiftgen.yml */ = {isa = PBXFileReference; fileEncoding = 4; lastKnownFileType = text.yaml; path = swiftgen.yml; sourceTree = SOURCE_ROOT; };
		B535512D2940801D00EAEB38 /* Image.xcassets */ = {isa = PBXFileReference; lastKnownFileType = folder.assetcatalog; path = Image.xcassets; sourceTree = "<group>"; };
		B535512E2940801D00EAEB38 /* Color.xcassets */ = {isa = PBXFileReference; lastKnownFileType = folder.assetcatalog; path = Color.xcassets; sourceTree = "<group>"; };
		B53551302940801D00EAEB38 /* NanumSquareEB.otf */ = {isa = PBXFileReference; lastKnownFileType = file; path = NanumSquareEB.otf; sourceTree = "<group>"; };
		B53551312940801D00EAEB38 /* NanumSquareR.otf */ = {isa = PBXFileReference; lastKnownFileType = file; path = NanumSquareR.otf; sourceTree = "<group>"; };
		B53551322940801D00EAEB38 /* NanumSquareB.otf */ = {isa = PBXFileReference; lastKnownFileType = file; path = NanumSquareB.otf; sourceTree = "<group>"; };
		B53551392940805700EAEB38 /* Assets+Generated.swift */ = {isa = PBXFileReference; fileEncoding = 4; lastKnownFileType = sourcecode.swift; path = "Assets+Generated.swift"; sourceTree = "<group>"; };
		B535513A2940805700EAEB38 /* Fonts+Generated.swift */ = {isa = PBXFileReference; fileEncoding = 4; lastKnownFileType = sourcecode.swift; path = "Fonts+Generated.swift"; sourceTree = "<group>"; };
		B535513D2940808B00EAEB38 /* ColorSet.swift */ = {isa = PBXFileReference; lastKnownFileType = sourcecode.swift; path = ColorSet.swift; sourceTree = "<group>"; };
		B535513F294080F400EAEB38 /* FontSet.swift */ = {isa = PBXFileReference; lastKnownFileType = sourcecode.swift; path = FontSet.swift; sourceTree = "<group>"; };
		B53551412940814400EAEB38 /* ImageSet.swift */ = {isa = PBXFileReference; lastKnownFileType = sourcecode.swift; path = ImageSet.swift; sourceTree = "<group>"; };
/* End PBXFileReference section */

/* Begin PBXFrameworksBuildPhase section */
		B535511C29407FAF00EAEB38 /* Frameworks */ = {
			isa = PBXFrameworksBuildPhase;
			buildActionMask = 2147483647;
			files = (
			);
			runOnlyForDeploymentPostprocessing = 0;
		};
/* End PBXFrameworksBuildPhase section */

/* Begin PBXGroup section */
		B535511529407FAF00EAEB38 = {
			isa = PBXGroup;
			children = (
				B53551292940801300EAEB38 /* swiftgen.yml */,
				B535512129407FAF00EAEB38 /* BCResource */,
				B535512029407FAF00EAEB38 /* Products */,
			);
			sourceTree = "<group>";
		};
		B535512029407FAF00EAEB38 /* Products */ = {
			isa = PBXGroup;
			children = (
				B535511F29407FAF00EAEB38 /* BCResource.framework */,
			);
			name = Products;
			sourceTree = "<group>";
		};
		B535512129407FAF00EAEB38 /* BCResource */ = {
			isa = PBXGroup;
			children = (
				B535512229407FAF00EAEB38 /* BCResource.h */,
				B535513D2940808B00EAEB38 /* ColorSet.swift */,
				B535513F294080F400EAEB38 /* FontSet.swift */,
				B53551412940814400EAEB38 /* ImageSet.swift */,
				B535512C2940801D00EAEB38 /* Resource */,
				B535512B2940801D00EAEB38 /* Generated */,
			);
			path = BCResource;
			sourceTree = "<group>";
		};
		B535512B2940801D00EAEB38 /* Generated */ = {
			isa = PBXGroup;
			children = (
				B53551392940805700EAEB38 /* Assets+Generated.swift */,
				B535513A2940805700EAEB38 /* Fonts+Generated.swift */,
			);
			path = Generated;
			sourceTree = "<group>";
		};
		B535512C2940801D00EAEB38 /* Resource */ = {
			isa = PBXGroup;
			children = (
				B535512D2940801D00EAEB38 /* Image.xcassets */,
				B535512E2940801D00EAEB38 /* Color.xcassets */,
				B535512F2940801D00EAEB38 /* Fonts */,
			);
			path = Resource;
			sourceTree = "<group>";
		};
		B535512F2940801D00EAEB38 /* Fonts */ = {
			isa = PBXGroup;
			children = (
				B53551302940801D00EAEB38 /* NanumSquareEB.otf */,
				B53551312940801D00EAEB38 /* NanumSquareR.otf */,
				B53551322940801D00EAEB38 /* NanumSquareB.otf */,
			);
			path = Fonts;
			sourceTree = "<group>";
		};
/* End PBXGroup section */

/* Begin PBXHeadersBuildPhase section */
		B535511A29407FAF00EAEB38 /* Headers */ = {
			isa = PBXHeadersBuildPhase;
			buildActionMask = 2147483647;
			files = (
				B535512329407FAF00EAEB38 /* BCResource.h in Headers */,
			);
			runOnlyForDeploymentPostprocessing = 0;
		};
/* End PBXHeadersBuildPhase section */

/* Begin PBXNativeTarget section */
		B535511E29407FAF00EAEB38 /* BCResource */ = {
			isa = PBXNativeTarget;
			buildConfigurationList = B535512629407FAF00EAEB38 /* Build configuration list for PBXNativeTarget "BCResource" */;
			buildPhases = (
				B53551382940802D00EAEB38 /* SwiftGen */,
				B535511A29407FAF00EAEB38 /* Headers */,
				B535511B29407FAF00EAEB38 /* Sources */,
				B535511C29407FAF00EAEB38 /* Frameworks */,
				B535511D29407FAF00EAEB38 /* Resources */,
			);
			buildRules = (
			);
			dependencies = (
			);
			name = BCResource;
			productName = BCResource;
			productReference = B535511F29407FAF00EAEB38 /* BCResource.framework */;
			productType = "com.apple.product-type.framework";
		};
/* End PBXNativeTarget section */

/* Begin PBXProject section */
		B535511629407FAF00EAEB38 /* Project object */ = {
			isa = PBXProject;
			attributes = {
				BuildIndependentTargetsInParallel = 1;
				LastUpgradeCheck = 1400;
				TargetAttributes = {
					B535511E29407FAF00EAEB38 = {
						CreatedOnToolsVersion = 14.0;
						LastSwiftMigration = 1400;
					};
				};
			};
			buildConfigurationList = B535511929407FAF00EAEB38 /* Build configuration list for PBXProject "BCResource" */;
			compatibilityVersion = "Xcode 14.0";
			developmentRegion = en;
			hasScannedForEncodings = 0;
			knownRegions = (
				en,
				Base,
			);
			mainGroup = B535511529407FAF00EAEB38;
			productRefGroup = B535512029407FAF00EAEB38 /* Products */;
			projectDirPath = "";
			projectRoot = "";
			targets = (
				B535511E29407FAF00EAEB38 /* BCResource */,
			);
		};
/* End PBXProject section */

/* Begin PBXResourcesBuildPhase section */
		B535511D29407FAF00EAEB38 /* Resources */ = {
			isa = PBXResourcesBuildPhase;
			buildActionMask = 2147483647;
			files = (
				B535512A2940801300EAEB38 /* swiftgen.yml in Resources */,
				B53551332940801D00EAEB38 /* Image.xcassets in Resources */,
				B53551362940801D00EAEB38 /* NanumSquareR.otf in Resources */,
				B53551372940801D00EAEB38 /* NanumSquareB.otf in Resources */,
				B53551342940801D00EAEB38 /* Color.xcassets in Resources */,
				B53551352940801D00EAEB38 /* NanumSquareEB.otf in Resources */,
			);
			runOnlyForDeploymentPostprocessing = 0;
		};
/* End PBXResourcesBuildPhase section */

/* Begin PBXShellScriptBuildPhase section */
		B53551382940802D00EAEB38 /* SwiftGen */ = {
			isa = PBXShellScriptBuildPhase;
			alwaysOutOfDate = 1;
			buildActionMask = 2147483647;
			files = (
			);
			inputFileListPaths = (
			);
			inputPaths = (
			);
			name = SwiftGen;
			outputFileListPaths = (
			);
			outputPaths = (
			);
			runOnlyForDeploymentPostprocessing = 0;
			shellPath = /bin/sh;
			shellScript = "export PATH=\"$PATH:/opt/homebrew/bin\"\nif which swiftgen > /dev/null; then\n  swiftgen\nelse\n  echo \"warning: SwiftGen not installed, download from https://github.com/SwiftGen/SwiftGen\"\nfi\n";
		};
/* End PBXShellScriptBuildPhase section */

/* Begin PBXSourcesBuildPhase section */
		B535511B29407FAF00EAEB38 /* Sources */ = {
			isa = PBXSourcesBuildPhase;
			buildActionMask = 2147483647;
			files = (
				B535513E2940808B00EAEB38 /* ColorSet.swift in Sources */,
				B535513C2940805800EAEB38 /* Fonts+Generated.swift in Sources */,
				B535513B2940805700EAEB38 /* Assets+Generated.swift in Sources */,
				B5355140294080F400EAEB38 /* FontSet.swift in Sources */,
				B53551422940814400EAEB38 /* ImageSet.swift in Sources */,
			);
			runOnlyForDeploymentPostprocessing = 0;
		};
/* End PBXSourcesBuildPhase section */

/* Begin XCBuildConfiguration section */
		B535512429407FAF00EAEB38 /* Debug */ = {
			isa = XCBuildConfiguration;
			buildSettings = {
				ALWAYS_SEARCH_USER_PATHS = NO;
				CLANG_ANALYZER_NONNULL = YES;
				CLANG_ANALYZER_NUMBER_OBJECT_CONVERSION = YES_AGGRESSIVE;
				CLANG_CXX_LANGUAGE_STANDARD = "gnu++20";
				CLANG_ENABLE_MODULES = YES;
				CLANG_ENABLE_OBJC_ARC = YES;
				CLANG_ENABLE_OBJC_WEAK = YES;
				CLANG_WARN_BLOCK_CAPTURE_AUTORELEASING = YES;
				CLANG_WARN_BOOL_CONVERSION = YES;
				CLANG_WARN_COMMA = YES;
				CLANG_WARN_CONSTANT_CONVERSION = YES;
				CLANG_WARN_DEPRECATED_OBJC_IMPLEMENTATIONS = YES;
				CLANG_WARN_DIRECT_OBJC_ISA_USAGE = YES_ERROR;
				CLANG_WARN_DOCUMENTATION_COMMENTS = YES;
				CLANG_WARN_EMPTY_BODY = YES;
				CLANG_WARN_ENUM_CONVERSION = YES;
				CLANG_WARN_INFINITE_RECURSION = YES;
				CLANG_WARN_INT_CONVERSION = YES;
				CLANG_WARN_NON_LITERAL_NULL_CONVERSION = YES;
				CLANG_WARN_OBJC_IMPLICIT_RETAIN_SELF = YES;
				CLANG_WARN_OBJC_LITERAL_CONVERSION = YES;
				CLANG_WARN_OBJC_ROOT_CLASS = YES_ERROR;
				CLANG_WARN_QUOTED_INCLUDE_IN_FRAMEWORK_HEADER = YES;
				CLANG_WARN_RANGE_LOOP_ANALYSIS = YES;
				CLANG_WARN_STRICT_PROTOTYPES = YES;
				CLANG_WARN_SUSPICIOUS_MOVE = YES;
				CLANG_WARN_UNGUARDED_AVAILABILITY = YES_AGGRESSIVE;
				CLANG_WARN_UNREACHABLE_CODE = YES;
				CLANG_WARN__DUPLICATE_METHOD_MATCH = YES;
				COPY_PHASE_STRIP = NO;
				CURRENT_PROJECT_VERSION = 1;
				DEBUG_INFORMATION_FORMAT = dwarf;
				ENABLE_STRICT_OBJC_MSGSEND = YES;
				ENABLE_TESTABILITY = YES;
				GCC_C_LANGUAGE_STANDARD = gnu11;
				GCC_DYNAMIC_NO_PIC = NO;
				GCC_NO_COMMON_BLOCKS = YES;
				GCC_OPTIMIZATION_LEVEL = 0;
				GCC_PREPROCESSOR_DEFINITIONS = (
					"DEBUG=1",
					"$(inherited)",
				);
				GCC_WARN_64_TO_32_BIT_CONVERSION = YES;
				GCC_WARN_ABOUT_RETURN_TYPE = YES_ERROR;
				GCC_WARN_UNDECLARED_SELECTOR = YES;
				GCC_WARN_UNINITIALIZED_AUTOS = YES_AGGRESSIVE;
				GCC_WARN_UNUSED_FUNCTION = YES;
				GCC_WARN_UNUSED_VARIABLE = YES;
				IPHONEOS_DEPLOYMENT_TARGET = 14.0;
				MTL_ENABLE_DEBUG_INFO = INCLUDE_SOURCE;
				MTL_FAST_MATH = YES;
				ONLY_ACTIVE_ARCH = YES;
				SDKROOT = iphoneos;
				SWIFT_ACTIVE_COMPILATION_CONDITIONS = DEBUG;
				SWIFT_OPTIMIZATION_LEVEL = "-Onone";
				VERSIONING_SYSTEM = "apple-generic";
				VERSION_INFO_PREFIX = "";
			};
			name = Debug;
		};
		B535512529407FAF00EAEB38 /* Release */ = {
			isa = XCBuildConfiguration;
			buildSettings = {
				ALWAYS_SEARCH_USER_PATHS = NO;
				CLANG_ANALYZER_NONNULL = YES;
				CLANG_ANALYZER_NUMBER_OBJECT_CONVERSION = YES_AGGRESSIVE;
				CLANG_CXX_LANGUAGE_STANDARD = "gnu++20";
				CLANG_ENABLE_MODULES = YES;
				CLANG_ENABLE_OBJC_ARC = YES;
				CLANG_ENABLE_OBJC_WEAK = YES;
				CLANG_WARN_BLOCK_CAPTURE_AUTORELEASING = YES;
				CLANG_WARN_BOOL_CONVERSION = YES;
				CLANG_WARN_COMMA = YES;
				CLANG_WARN_CONSTANT_CONVERSION = YES;
				CLANG_WARN_DEPRECATED_OBJC_IMPLEMENTATIONS = YES;
				CLANG_WARN_DIRECT_OBJC_ISA_USAGE = YES_ERROR;
				CLANG_WARN_DOCUMENTATION_COMMENTS = YES;
				CLANG_WARN_EMPTY_BODY = YES;
				CLANG_WARN_ENUM_CONVERSION = YES;
				CLANG_WARN_INFINITE_RECURSION = YES;
				CLANG_WARN_INT_CONVERSION = YES;
				CLANG_WARN_NON_LITERAL_NULL_CONVERSION = YES;
				CLANG_WARN_OBJC_IMPLICIT_RETAIN_SELF = YES;
				CLANG_WARN_OBJC_LITERAL_CONVERSION = YES;
				CLANG_WARN_OBJC_ROOT_CLASS = YES_ERROR;
				CLANG_WARN_QUOTED_INCLUDE_IN_FRAMEWORK_HEADER = YES;
				CLANG_WARN_RANGE_LOOP_ANALYSIS = YES;
				CLANG_WARN_STRICT_PROTOTYPES = YES;
				CLANG_WARN_SUSPICIOUS_MOVE = YES;
				CLANG_WARN_UNGUARDED_AVAILABILITY = YES_AGGRESSIVE;
				CLANG_WARN_UNREACHABLE_CODE = YES;
				CLANG_WARN__DUPLICATE_METHOD_MATCH = YES;
				COPY_PHASE_STRIP = NO;
				CURRENT_PROJECT_VERSION = 1;
				DEBUG_INFORMATION_FORMAT = "dwarf-with-dsym";
				ENABLE_NS_ASSERTIONS = NO;
				ENABLE_STRICT_OBJC_MSGSEND = YES;
				GCC_C_LANGUAGE_STANDARD = gnu11;
				GCC_NO_COMMON_BLOCKS = YES;
				GCC_WARN_64_TO_32_BIT_CONVERSION = YES;
				GCC_WARN_ABOUT_RETURN_TYPE = YES_ERROR;
				GCC_WARN_UNDECLARED_SELECTOR = YES;
				GCC_WARN_UNINITIALIZED_AUTOS = YES_AGGRESSIVE;
				GCC_WARN_UNUSED_FUNCTION = YES;
				GCC_WARN_UNUSED_VARIABLE = YES;
				IPHONEOS_DEPLOYMENT_TARGET = 14.0;
				MTL_ENABLE_DEBUG_INFO = NO;
				MTL_FAST_MATH = YES;
				SDKROOT = iphoneos;
				SWIFT_COMPILATION_MODE = wholemodule;
				SWIFT_OPTIMIZATION_LEVEL = "-O";
				VERSIONING_SYSTEM = "apple-generic";
				VERSION_INFO_PREFIX = "";
			};
			name = Release;
		};
		B535512729407FAF00EAEB38 /* Debug */ = {
			isa = XCBuildConfiguration;
			buildSettings = {
				CLANG_ENABLE_MODULES = YES;
				CODE_SIGN_STYLE = Automatic;
				CURRENT_PROJECT_VERSION = 1;
				DEFINES_MODULE = YES;
				DYLIB_COMPATIBILITY_VERSION = 1;
				DYLIB_CURRENT_VERSION = 1;
				DYLIB_INSTALL_NAME_BASE = "@rpath";
				GENERATE_INFOPLIST_FILE = YES;
				INFOPLIST_KEY_NSHumanReadableCopyright = "";
				INSTALL_PATH = "$(LOCAL_LIBRARY_DIR)/Frameworks";
				IPHONEOS_DEPLOYMENT_TARGET = 14.0;
				LD_RUNPATH_SEARCH_PATHS = (
					"@executable_path/Frameworks",
					"@loader_path/Frameworks",
				);
				"LD_RUNPATH_SEARCH_PATHS[sdk=macosx*]" = (
					"@executable_path/../Frameworks",
					"@loader_path/Frameworks",
				);
				MACOSX_DEPLOYMENT_TARGET = 12.3;
				MARKETING_VERSION = 1.0;
				PRODUCT_BUNDLE_IDENTIFIER = com.booscamp.BCResource;
				PRODUCT_NAME = "$(TARGET_NAME:c99extidentifier)";
				SDKROOT = iphoneos;
				SKIP_INSTALL = YES;
				SUPPORTED_PLATFORMS = "iphoneos iphonesimulator";
				SUPPORTS_MACCATALYST = NO;
				SUPPORTS_MAC_DESIGNED_FOR_IPHONE_IPAD = NO;
				SWIFT_EMIT_LOC_STRINGS = YES;
				SWIFT_OPTIMIZATION_LEVEL = "-Onone";
				SWIFT_VERSION = 5.0;
				TARGETED_DEVICE_FAMILY = "1,2";
			};
			name = Debug;
		};
		B535512829407FAF00EAEB38 /* Release */ = {
			isa = XCBuildConfiguration;
			buildSettings = {
				CLANG_ENABLE_MODULES = YES;
				CODE_SIGN_STYLE = Automatic;
				CURRENT_PROJECT_VERSION = 1;
				DEFINES_MODULE = YES;
				DYLIB_COMPATIBILITY_VERSION = 1;
				DYLIB_CURRENT_VERSION = 1;
				DYLIB_INSTALL_NAME_BASE = "@rpath";
				GENERATE_INFOPLIST_FILE = YES;
				INFOPLIST_KEY_NSHumanReadableCopyright = "";
				INSTALL_PATH = "$(LOCAL_LIBRARY_DIR)/Frameworks";
				IPHONEOS_DEPLOYMENT_TARGET = 14.0;
				LD_RUNPATH_SEARCH_PATHS = (
					"@executable_path/Frameworks",
					"@loader_path/Frameworks",
				);
				"LD_RUNPATH_SEARCH_PATHS[sdk=macosx*]" = (
					"@executable_path/../Frameworks",
					"@loader_path/Frameworks",
				);
				MACOSX_DEPLOYMENT_TARGET = 12.3;
				MARKETING_VERSION = 1.0;
				PRODUCT_BUNDLE_IDENTIFIER = com.booscamp.BCResource;
				PRODUCT_NAME = "$(TARGET_NAME:c99extidentifier)";
				SDKROOT = iphoneos;
				SKIP_INSTALL = YES;
				SUPPORTED_PLATFORMS = "iphoneos iphonesimulator";
				SUPPORTS_MACCATALYST = NO;
				SUPPORTS_MAC_DESIGNED_FOR_IPHONE_IPAD = NO;
				SWIFT_EMIT_LOC_STRINGS = YES;
				SWIFT_VERSION = 5.0;
				TARGETED_DEVICE_FAMILY = "1,2";
			};
			name = Release;
		};
/* End XCBuildConfiguration section */

/* Begin XCConfigurationList section */
		B535511929407FAF00EAEB38 /* Build configuration list for PBXProject "BCResource" */ = {
			isa = XCConfigurationList;
			buildConfigurations = (
				B535512429407FAF00EAEB38 /* Debug */,
				B535512529407FAF00EAEB38 /* Release */,
			);
			defaultConfigurationIsVisible = 0;
			defaultConfigurationName = Release;
		};
		B535512629407FAF00EAEB38 /* Build configuration list for PBXNativeTarget "BCResource" */ = {
			isa = XCConfigurationList;
			buildConfigurations = (
				B535512729407FAF00EAEB38 /* Debug */,
				B535512829407FAF00EAEB38 /* Release */,
			);
			defaultConfigurationIsVisible = 0;
			defaultConfigurationName = Release;
		};
/* End XCConfigurationList section */
	};
	rootObject = B535511629407FAF00EAEB38 /* Project object */;
}
